
Microsoft Visual Studio Solution File, Format Version 12.00
# Visual Studio 14
VisualStudioVersion = 14.0.25420.1
MinimumVisualStudioVersion = 10.0.40219.1
Project("{FAE04EC0-301F-11D3-BF4B-00C04F79EFBC}") = "PMS.Xam.Model.Interfaces", "PMS.Xamarin.Model.Interfaces\PMS.Xam.Model.Interfaces.csproj", "{053A721F-4DA7-48D6-B61B-3F45EBEED527}"
EndProject
Project("{FAE04EC0-301F-11D3-BF4B-00C04F79EFBC}") = "PMS.Xam.DAL.Model", "PMS.Xamarin.DAL.Model\PMS.Xam.DAL.Model.csproj", "{F1B5009B-DDEB-4503-B98E-0474E61B6E71}"
EndProject
Project("{FAE04EC0-301F-11D3-BF4B-00C04F79EFBC}") = "PMS.Xam.Common", "PMS.Xamarin.Common\PMS.Xam.Common.csproj", "{734D09BD-9935-42BB-9F7E-86D16DF353D0}"
EndProject
Project("{FAE04EC0-301F-11D3-BF4B-00C04F79EFBC}") = "PMS.Xam.ViewModel", "PMS.Xamarin.ViewModel\PMS.Xam.ViewModel.csproj", "{E82CF697-ECFF-4DE8-9266-59CF8017E88F}"
EndProject
Project("{FAE04EC0-301F-11D3-BF4B-00C04F79EFBC}") = "PMS.Xam.UI.Droid", "PMS.Xamarin.UI\PMS.Xamarin.UI.Droid\PMS.Xam.UI.Droid.csproj", "{0A6A5B0D-8F7D-46D6-8A16-7D0D95845931}"
EndProject
Project("{FAE04EC0-301F-11D3-BF4B-00C04F79EFBC}") = "PMS.Xam.UI.iOS", "PMS.Xamarin.UI\PMS.Xamarin.UI.iOS\PMS.Xam.UI.iOS.csproj", "{81C96F7E-B33E-4902-8F5E-0B4FE42A3811}"
EndProject
Project("{FAE04EC0-301F-11D3-BF4B-00C04F79EFBC}") = "PMS.Xam.UI.UWP", "PMS.Xamarin.UI\PMS.Xamarin.UI.UWP\PMS.Xam.UI.UWP.csproj", "{B460B348-D839-40B1-AFB3-69C45875738C}"
EndProject
Project("{FAE04EC0-301F-11D3-BF4B-00C04F79EFBC}") = "PMS.Xam.UI", "PMS.Xamarin.UI\PMS.Xamarin.UI\PMS.Xam.UI.csproj", "{59BDE92F-18C4-4010-982A-5598B7E55B56}"
EndProject
Project("{FAE04EC0-301F-11D3-BF4B-00C04F79EFBC}") = "PMS.DAL", "PMS.DAL\PMS.DAL.csproj", "{8CEBB6C5-CAA9-41E9-BE37-6FD95A705E98}"
EndProject
Project("{FAE04EC0-301F-11D3-BF4B-00C04F79EFBC}") = "PMS.DAL.Repositories", "PMS.DAL.Repositories\PMS.DAL.Repositories\PMS.DAL.Repositories.csproj", "{542C10E8-3988-4A91-A970-EB7DB7D30563}"
EndProject
Project("{FAE04EC0-301F-11D3-BF4B-00C04F79EFBC}") = "PMS.BLL", "PMS.BLL\PMS.BLL.csproj", "{453D004E-3BFC-4E93-B6E4-FA4E2A6F0230}"
EndProject
Project("{FAE04EC0-301F-11D3-BF4B-00C04F79EFBC}") = "PMS.Xam.WebApiClient", "PMS.Xam.WebApiClient\PMS.Xam.WebApiClient.csproj", "{9DD2AA2B-F719-4DC8-B91F-52574C07CD39}"
EndProject
Project("{FAE04EC0-301F-11D3-BF4B-00C04F79EFBC}") = "PMS.WebApi", "PMS.WebApi\PMS.WebApi.csproj", "{9EA378B2-4C80-4B3F-9C21-90CB94042036}"
EndProject
Project("{FAE04EC0-301F-11D3-BF4B-00C04F79EFBC}") = "PMS.Xam.WebApiClient.Test", "PMS.Xam.WebApiClient.Test\PMS.Xam.WebApiClient.Test.csproj", "{7F46246E-1FA4-4CB1-A26A-DD9544C2B962}"
EndProject
Project("{FAE04EC0-301F-11D3-BF4B-00C04F79EFBC}") = "PMS.Xam.UI.Droid.Test", "PMS.Xam.UI.Droid.Test\PMS.Xam.UI.Droid.Test.csproj", "{1FFBB97E-EDC6-415A-A8E2-F55EC7FED0F1}"
EndProject
Global
	GlobalSection(SolutionConfigurationPlatforms) = preSolution
		Ad-Hoc|Any CPU = Ad-Hoc|Any CPU
		Ad-Hoc|ARM = Ad-Hoc|ARM
		Ad-Hoc|iPhone = Ad-Hoc|iPhone
		Ad-Hoc|iPhoneSimulator = Ad-Hoc|iPhoneSimulator
		Ad-Hoc|x64 = Ad-Hoc|x64
		Ad-Hoc|x86 = Ad-Hoc|x86
		AppStore|Any CPU = AppStore|Any CPU
		AppStore|ARM = AppStore|ARM
		AppStore|iPhone = AppStore|iPhone
		AppStore|iPhoneSimulator = AppStore|iPhoneSimulator
		AppStore|x64 = AppStore|x64
		AppStore|x86 = AppStore|x86
		Debug|Any CPU = Debug|Any CPU
		Debug|ARM = Debug|ARM
		Debug|iPhone = Debug|iPhone
		Debug|iPhoneSimulator = Debug|iPhoneSimulator
		Debug|x64 = Debug|x64
		Debug|x86 = Debug|x86
		Release|Any CPU = Release|Any CPU
		Release|ARM = Release|ARM
		Release|iPhone = Release|iPhone
		Release|iPhoneSimulator = Release|iPhoneSimulator
		Release|x64 = Release|x64
		Release|x86 = Release|x86
	EndGlobalSection
	GlobalSection(ProjectConfigurationPlatforms) = postSolution
		{053A721F-4DA7-48D6-B61B-3F45EBEED527}.Ad-Hoc|Any CPU.ActiveCfg = Release|Any CPU
		{053A721F-4DA7-48D6-B61B-3F45EBEED527}.Ad-Hoc|Any CPU.Build.0 = Release|Any CPU
		{053A721F-4DA7-48D6-B61B-3F45EBEED527}.Ad-Hoc|ARM.ActiveCfg = Release|Any CPU
		{053A721F-4DA7-48D6-B61B-3F45EBEED527}.Ad-Hoc|ARM.Build.0 = Release|Any CPU
		{053A721F-4DA7-48D6-B61B-3F45EBEED527}.Ad-Hoc|iPhone.ActiveCfg = Release|Any CPU
		{053A721F-4DA7-48D6-B61B-3F45EBEED527}.Ad-Hoc|iPhone.Build.0 = Release|Any CPU
		{053A721F-4DA7-48D6-B61B-3F45EBEED527}.Ad-Hoc|iPhoneSimulator.ActiveCfg = Release|Any CPU
		{053A721F-4DA7-48D6-B61B-3F45EBEED527}.Ad-Hoc|iPhoneSimulator.Build.0 = Release|Any CPU
		{053A721F-4DA7-48D6-B61B-3F45EBEED527}.Ad-Hoc|x64.ActiveCfg = Release|Any CPU
		{053A721F-4DA7-48D6-B61B-3F45EBEED527}.Ad-Hoc|x64.Build.0 = Release|Any CPU
		{053A721F-4DA7-48D6-B61B-3F45EBEED527}.Ad-Hoc|x86.ActiveCfg = Release|Any CPU
		{053A721F-4DA7-48D6-B61B-3F45EBEED527}.Ad-Hoc|x86.Build.0 = Release|Any CPU
		{053A721F-4DA7-48D6-B61B-3F45EBEED527}.AppStore|Any CPU.ActiveCfg = Release|Any CPU
		{053A721F-4DA7-48D6-B61B-3F45EBEED527}.AppStore|Any CPU.Build.0 = Release|Any CPU
		{053A721F-4DA7-48D6-B61B-3F45EBEED527}.AppStore|ARM.ActiveCfg = Release|Any CPU
		{053A721F-4DA7-48D6-B61B-3F45EBEED527}.AppStore|ARM.Build.0 = Release|Any CPU
		{053A721F-4DA7-48D6-B61B-3F45EBEED527}.AppStore|iPhone.ActiveCfg = Release|Any CPU
		{053A721F-4DA7-48D6-B61B-3F45EBEED527}.AppStore|iPhone.Build.0 = Release|Any CPU
		{053A721F-4DA7-48D6-B61B-3F45EBEED527}.AppStore|iPhoneSimulator.ActiveCfg = Release|Any CPU
		{053A721F-4DA7-48D6-B61B-3F45EBEED527}.AppStore|iPhoneSimulator.Build.0 = Release|Any CPU
		{053A721F-4DA7-48D6-B61B-3F45EBEED527}.AppStore|x64.ActiveCfg = Release|Any CPU
		{053A721F-4DA7-48D6-B61B-3F45EBEED527}.AppStore|x64.Build.0 = Release|Any CPU
		{053A721F-4DA7-48D6-B61B-3F45EBEED527}.AppStore|x86.ActiveCfg = Release|Any CPU
		{053A721F-4DA7-48D6-B61B-3F45EBEED527}.AppStore|x86.Build.0 = Release|Any CPU
		{053A721F-4DA7-48D6-B61B-3F45EBEED527}.Debug|Any CPU.ActiveCfg = Debug|Any CPU
		{053A721F-4DA7-48D6-B61B-3F45EBEED527}.Debug|Any CPU.Build.0 = Debug|Any CPU
		{053A721F-4DA7-48D6-B61B-3F45EBEED527}.Debug|ARM.ActiveCfg = Debug|Any CPU
		{053A721F-4DA7-48D6-B61B-3F45EBEED527}.Debug|ARM.Build.0 = Debug|Any CPU
		{053A721F-4DA7-48D6-B61B-3F45EBEED527}.Debug|iPhone.ActiveCfg = Debug|Any CPU
		{053A721F-4DA7-48D6-B61B-3F45EBEED527}.Debug|iPhone.Build.0 = Debug|Any CPU
		{053A721F-4DA7-48D6-B61B-3F45EBEED527}.Debug|iPhoneSimulator.ActiveCfg = Debug|Any CPU
		{053A721F-4DA7-48D6-B61B-3F45EBEED527}.Debug|iPhoneSimulator.Build.0 = Debug|Any CPU
		{053A721F-4DA7-48D6-B61B-3F45EBEED527}.Debug|x64.ActiveCfg = Debug|Any CPU
		{053A721F-4DA7-48D6-B61B-3F45EBEED527}.Debug|x64.Build.0 = Debug|Any CPU
		{053A721F-4DA7-48D6-B61B-3F45EBEED527}.Debug|x86.ActiveCfg = Debug|Any CPU
		{053A721F-4DA7-48D6-B61B-3F45EBEED527}.Debug|x86.Build.0 = Debug|Any CPU
		{053A721F-4DA7-48D6-B61B-3F45EBEED527}.Release|Any CPU.ActiveCfg = Release|Any CPU
		{053A721F-4DA7-48D6-B61B-3F45EBEED527}.Release|Any CPU.Build.0 = Release|Any CPU
		{053A721F-4DA7-48D6-B61B-3F45EBEED527}.Release|ARM.ActiveCfg = Release|Any CPU
		{053A721F-4DA7-48D6-B61B-3F45EBEED527}.Release|ARM.Build.0 = Release|Any CPU
		{053A721F-4DA7-48D6-B61B-3F45EBEED527}.Release|iPhone.ActiveCfg = Release|Any CPU
		{053A721F-4DA7-48D6-B61B-3F45EBEED527}.Release|iPhone.Build.0 = Release|Any CPU
		{053A721F-4DA7-48D6-B61B-3F45EBEED527}.Release|iPhoneSimulator.ActiveCfg = Release|Any CPU
		{053A721F-4DA7-48D6-B61B-3F45EBEED527}.Release|iPhoneSimulator.Build.0 = Release|Any CPU
		{053A721F-4DA7-48D6-B61B-3F45EBEED527}.Release|x64.ActiveCfg = Release|Any CPU
		{053A721F-4DA7-48D6-B61B-3F45EBEED527}.Release|x64.Build.0 = Release|Any CPU
		{053A721F-4DA7-48D6-B61B-3F45EBEED527}.Release|x86.ActiveCfg = Release|Any CPU
		{053A721F-4DA7-48D6-B61B-3F45EBEED527}.Release|x86.Build.0 = Release|Any CPU
		{F1B5009B-DDEB-4503-B98E-0474E61B6E71}.Ad-Hoc|Any CPU.ActiveCfg = Release|Any CPU
		{F1B5009B-DDEB-4503-B98E-0474E61B6E71}.Ad-Hoc|Any CPU.Build.0 = Release|Any CPU
		{F1B5009B-DDEB-4503-B98E-0474E61B6E71}.Ad-Hoc|ARM.ActiveCfg = Release|Any CPU
		{F1B5009B-DDEB-4503-B98E-0474E61B6E71}.Ad-Hoc|ARM.Build.0 = Release|Any CPU
		{F1B5009B-DDEB-4503-B98E-0474E61B6E71}.Ad-Hoc|iPhone.ActiveCfg = Release|Any CPU
		{F1B5009B-DDEB-4503-B98E-0474E61B6E71}.Ad-Hoc|iPhone.Build.0 = Release|Any CPU
		{F1B5009B-DDEB-4503-B98E-0474E61B6E71}.Ad-Hoc|iPhoneSimulator.ActiveCfg = Release|Any CPU
		{F1B5009B-DDEB-4503-B98E-0474E61B6E71}.Ad-Hoc|iPhoneSimulator.Build.0 = Release|Any CPU
		{F1B5009B-DDEB-4503-B98E-0474E61B6E71}.Ad-Hoc|x64.ActiveCfg = Release|Any CPU
		{F1B5009B-DDEB-4503-B98E-0474E61B6E71}.Ad-Hoc|x64.Build.0 = Release|Any CPU
		{F1B5009B-DDEB-4503-B98E-0474E61B6E71}.Ad-Hoc|x86.ActiveCfg = Release|Any CPU
		{F1B5009B-DDEB-4503-B98E-0474E61B6E71}.Ad-Hoc|x86.Build.0 = Release|Any CPU
		{F1B5009B-DDEB-4503-B98E-0474E61B6E71}.AppStore|Any CPU.ActiveCfg = Release|Any CPU
		{F1B5009B-DDEB-4503-B98E-0474E61B6E71}.AppStore|Any CPU.Build.0 = Release|Any CPU
		{F1B5009B-DDEB-4503-B98E-0474E61B6E71}.AppStore|ARM.ActiveCfg = Release|Any CPU
		{F1B5009B-DDEB-4503-B98E-0474E61B6E71}.AppStore|ARM.Build.0 = Release|Any CPU
		{F1B5009B-DDEB-4503-B98E-0474E61B6E71}.AppStore|iPhone.ActiveCfg = Release|Any CPU
		{F1B5009B-DDEB-4503-B98E-0474E61B6E71}.AppStore|iPhone.Build.0 = Release|Any CPU
		{F1B5009B-DDEB-4503-B98E-0474E61B6E71}.AppStore|iPhoneSimulator.ActiveCfg = Release|Any CPU
		{F1B5009B-DDEB-4503-B98E-0474E61B6E71}.AppStore|iPhoneSimulator.Build.0 = Release|Any CPU
		{F1B5009B-DDEB-4503-B98E-0474E61B6E71}.AppStore|x64.ActiveCfg = Release|Any CPU
		{F1B5009B-DDEB-4503-B98E-0474E61B6E71}.AppStore|x64.Build.0 = Release|Any CPU
		{F1B5009B-DDEB-4503-B98E-0474E61B6E71}.AppStore|x86.ActiveCfg = Release|Any CPU
		{F1B5009B-DDEB-4503-B98E-0474E61B6E71}.AppStore|x86.Build.0 = Release|Any CPU
		{F1B5009B-DDEB-4503-B98E-0474E61B6E71}.Debug|Any CPU.ActiveCfg = Debug|Any CPU
		{F1B5009B-DDEB-4503-B98E-0474E61B6E71}.Debug|Any CPU.Build.0 = Debug|Any CPU
		{F1B5009B-DDEB-4503-B98E-0474E61B6E71}.Debug|ARM.ActiveCfg = Debug|Any CPU
		{F1B5009B-DDEB-4503-B98E-0474E61B6E71}.Debug|ARM.Build.0 = Debug|Any CPU
		{F1B5009B-DDEB-4503-B98E-0474E61B6E71}.Debug|iPhone.ActiveCfg = Debug|Any CPU
		{F1B5009B-DDEB-4503-B98E-0474E61B6E71}.Debug|iPhone.Build.0 = Debug|Any CPU
		{F1B5009B-DDEB-4503-B98E-0474E61B6E71}.Debug|iPhoneSimulator.ActiveCfg = Debug|Any CPU
		{F1B5009B-DDEB-4503-B98E-0474E61B6E71}.Debug|iPhoneSimulator.Build.0 = Debug|Any CPU
		{F1B5009B-DDEB-4503-B98E-0474E61B6E71}.Debug|x64.ActiveCfg = Debug|Any CPU
		{F1B5009B-DDEB-4503-B98E-0474E61B6E71}.Debug|x64.Build.0 = Debug|Any CPU
		{F1B5009B-DDEB-4503-B98E-0474E61B6E71}.Debug|x86.ActiveCfg = Debug|Any CPU
		{F1B5009B-DDEB-4503-B98E-0474E61B6E71}.Debug|x86.Build.0 = Debug|Any CPU
		{F1B5009B-DDEB-4503-B98E-0474E61B6E71}.Release|Any CPU.ActiveCfg = Release|Any CPU
		{F1B5009B-DDEB-4503-B98E-0474E61B6E71}.Release|Any CPU.Build.0 = Release|Any CPU
		{F1B5009B-DDEB-4503-B98E-0474E61B6E71}.Release|ARM.ActiveCfg = Release|Any CPU
		{F1B5009B-DDEB-4503-B98E-0474E61B6E71}.Release|ARM.Build.0 = Release|Any CPU
		{F1B5009B-DDEB-4503-B98E-0474E61B6E71}.Release|iPhone.ActiveCfg = Release|Any CPU
		{F1B5009B-DDEB-4503-B98E-0474E61B6E71}.Release|iPhone.Build.0 = Release|Any CPU
		{F1B5009B-DDEB-4503-B98E-0474E61B6E71}.Release|iPhoneSimulator.ActiveCfg = Release|Any CPU
		{F1B5009B-DDEB-4503-B98E-0474E61B6E71}.Release|iPhoneSimulator.Build.0 = Release|Any CPU
		{F1B5009B-DDEB-4503-B98E-0474E61B6E71}.Release|x64.ActiveCfg = Release|Any CPU
		{F1B5009B-DDEB-4503-B98E-0474E61B6E71}.Release|x64.Build.0 = Release|Any CPU
		{F1B5009B-DDEB-4503-B98E-0474E61B6E71}.Release|x86.ActiveCfg = Release|Any CPU
		{F1B5009B-DDEB-4503-B98E-0474E61B6E71}.Release|x86.Build.0 = Release|Any CPU
		{734D09BD-9935-42BB-9F7E-86D16DF353D0}.Ad-Hoc|Any CPU.ActiveCfg = Release|Any CPU
		{734D09BD-9935-42BB-9F7E-86D16DF353D0}.Ad-Hoc|Any CPU.Build.0 = Release|Any CPU
		{734D09BD-9935-42BB-9F7E-86D16DF353D0}.Ad-Hoc|ARM.ActiveCfg = Release|Any CPU
		{734D09BD-9935-42BB-9F7E-86D16DF353D0}.Ad-Hoc|ARM.Build.0 = Release|Any CPU
		{734D09BD-9935-42BB-9F7E-86D16DF353D0}.Ad-Hoc|iPhone.ActiveCfg = Release|Any CPU
		{734D09BD-9935-42BB-9F7E-86D16DF353D0}.Ad-Hoc|iPhone.Build.0 = Release|Any CPU
		{734D09BD-9935-42BB-9F7E-86D16DF353D0}.Ad-Hoc|iPhoneSimulator.ActiveCfg = Release|Any CPU
		{734D09BD-9935-42BB-9F7E-86D16DF353D0}.Ad-Hoc|iPhoneSimulator.Build.0 = Release|Any CPU
		{734D09BD-9935-42BB-9F7E-86D16DF353D0}.Ad-Hoc|x64.ActiveCfg = Release|Any CPU
		{734D09BD-9935-42BB-9F7E-86D16DF353D0}.Ad-Hoc|x64.Build.0 = Release|Any CPU
		{734D09BD-9935-42BB-9F7E-86D16DF353D0}.Ad-Hoc|x86.ActiveCfg = Release|Any CPU
		{734D09BD-9935-42BB-9F7E-86D16DF353D0}.Ad-Hoc|x86.Build.0 = Release|Any CPU
		{734D09BD-9935-42BB-9F7E-86D16DF353D0}.AppStore|Any CPU.ActiveCfg = Release|Any CPU
		{734D09BD-9935-42BB-9F7E-86D16DF353D0}.AppStore|Any CPU.Build.0 = Release|Any CPU
		{734D09BD-9935-42BB-9F7E-86D16DF353D0}.AppStore|ARM.ActiveCfg = Release|Any CPU
		{734D09BD-9935-42BB-9F7E-86D16DF353D0}.AppStore|ARM.Build.0 = Release|Any CPU
		{734D09BD-9935-42BB-9F7E-86D16DF353D0}.AppStore|iPhone.ActiveCfg = Release|Any CPU
		{734D09BD-9935-42BB-9F7E-86D16DF353D0}.AppStore|iPhone.Build.0 = Release|Any CPU
		{734D09BD-9935-42BB-9F7E-86D16DF353D0}.AppStore|iPhoneSimulator.ActiveCfg = Release|Any CPU
		{734D09BD-9935-42BB-9F7E-86D16DF353D0}.AppStore|iPhoneSimulator.Build.0 = Release|Any CPU
		{734D09BD-9935-42BB-9F7E-86D16DF353D0}.AppStore|x64.ActiveCfg = Release|Any CPU
		{734D09BD-9935-42BB-9F7E-86D16DF353D0}.AppStore|x64.Build.0 = Release|Any CPU
		{734D09BD-9935-42BB-9F7E-86D16DF353D0}.AppStore|x86.ActiveCfg = Release|Any CPU
		{734D09BD-9935-42BB-9F7E-86D16DF353D0}.AppStore|x86.Build.0 = Release|Any CPU
		{734D09BD-9935-42BB-9F7E-86D16DF353D0}.Debug|Any CPU.ActiveCfg = Debug|Any CPU
		{734D09BD-9935-42BB-9F7E-86D16DF353D0}.Debug|Any CPU.Build.0 = Debug|Any CPU
		{734D09BD-9935-42BB-9F7E-86D16DF353D0}.Debug|ARM.ActiveCfg = Debug|Any CPU
		{734D09BD-9935-42BB-9F7E-86D16DF353D0}.Debug|ARM.Build.0 = Debug|Any CPU
		{734D09BD-9935-42BB-9F7E-86D16DF353D0}.Debug|iPhone.ActiveCfg = Debug|Any CPU
		{734D09BD-9935-42BB-9F7E-86D16DF353D0}.Debug|iPhone.Build.0 = Debug|Any CPU
		{734D09BD-9935-42BB-9F7E-86D16DF353D0}.Debug|iPhoneSimulator.ActiveCfg = Debug|Any CPU
		{734D09BD-9935-42BB-9F7E-86D16DF353D0}.Debug|iPhoneSimulator.Build.0 = Debug|Any CPU
		{734D09BD-9935-42BB-9F7E-86D16DF353D0}.Debug|x64.ActiveCfg = Debug|Any CPU
		{734D09BD-9935-42BB-9F7E-86D16DF353D0}.Debug|x64.Build.0 = Debug|Any CPU
		{734D09BD-9935-42BB-9F7E-86D16DF353D0}.Debug|x86.ActiveCfg = Debug|Any CPU
		{734D09BD-9935-42BB-9F7E-86D16DF353D0}.Debug|x86.Build.0 = Debug|Any CPU
		{734D09BD-9935-42BB-9F7E-86D16DF353D0}.Release|Any CPU.ActiveCfg = Release|Any CPU
		{734D09BD-9935-42BB-9F7E-86D16DF353D0}.Release|Any CPU.Build.0 = Release|Any CPU
		{734D09BD-9935-42BB-9F7E-86D16DF353D0}.Release|ARM.ActiveCfg = Release|Any CPU
		{734D09BD-9935-42BB-9F7E-86D16DF353D0}.Release|ARM.Build.0 = Release|Any CPU
		{734D09BD-9935-42BB-9F7E-86D16DF353D0}.Release|iPhone.ActiveCfg = Release|Any CPU
		{734D09BD-9935-42BB-9F7E-86D16DF353D0}.Release|iPhone.Build.0 = Release|Any CPU
		{734D09BD-9935-42BB-9F7E-86D16DF353D0}.Release|iPhoneSimulator.ActiveCfg = Release|Any CPU
		{734D09BD-9935-42BB-9F7E-86D16DF353D0}.Release|iPhoneSimulator.Build.0 = Release|Any CPU
		{734D09BD-9935-42BB-9F7E-86D16DF353D0}.Release|x64.ActiveCfg = Release|Any CPU
		{734D09BD-9935-42BB-9F7E-86D16DF353D0}.Release|x64.Build.0 = Release|Any CPU
		{734D09BD-9935-42BB-9F7E-86D16DF353D0}.Release|x86.ActiveCfg = Release|Any CPU
		{734D09BD-9935-42BB-9F7E-86D16DF353D0}.Release|x86.Build.0 = Release|Any CPU
		{E82CF697-ECFF-4DE8-9266-59CF8017E88F}.Ad-Hoc|Any CPU.ActiveCfg = Release|Any CPU
		{E82CF697-ECFF-4DE8-9266-59CF8017E88F}.Ad-Hoc|Any CPU.Build.0 = Release|Any CPU
		{E82CF697-ECFF-4DE8-9266-59CF8017E88F}.Ad-Hoc|ARM.ActiveCfg = Release|Any CPU
		{E82CF697-ECFF-4DE8-9266-59CF8017E88F}.Ad-Hoc|ARM.Build.0 = Release|Any CPU
		{E82CF697-ECFF-4DE8-9266-59CF8017E88F}.Ad-Hoc|iPhone.ActiveCfg = Release|Any CPU
		{E82CF697-ECFF-4DE8-9266-59CF8017E88F}.Ad-Hoc|iPhone.Build.0 = Release|Any CPU
		{E82CF697-ECFF-4DE8-9266-59CF8017E88F}.Ad-Hoc|iPhoneSimulator.ActiveCfg = Release|Any CPU
		{E82CF697-ECFF-4DE8-9266-59CF8017E88F}.Ad-Hoc|iPhoneSimulator.Build.0 = Release|Any CPU
		{E82CF697-ECFF-4DE8-9266-59CF8017E88F}.Ad-Hoc|x64.ActiveCfg = Release|Any CPU
		{E82CF697-ECFF-4DE8-9266-59CF8017E88F}.Ad-Hoc|x64.Build.0 = Release|Any CPU
		{E82CF697-ECFF-4DE8-9266-59CF8017E88F}.Ad-Hoc|x86.ActiveCfg = Release|Any CPU
		{E82CF697-ECFF-4DE8-9266-59CF8017E88F}.Ad-Hoc|x86.Build.0 = Release|Any CPU
		{E82CF697-ECFF-4DE8-9266-59CF8017E88F}.AppStore|Any CPU.ActiveCfg = Release|Any CPU
		{E82CF697-ECFF-4DE8-9266-59CF8017E88F}.AppStore|Any CPU.Build.0 = Release|Any CPU
		{E82CF697-ECFF-4DE8-9266-59CF8017E88F}.AppStore|ARM.ActiveCfg = Release|Any CPU
		{E82CF697-ECFF-4DE8-9266-59CF8017E88F}.AppStore|ARM.Build.0 = Release|Any CPU
		{E82CF697-ECFF-4DE8-9266-59CF8017E88F}.AppStore|iPhone.ActiveCfg = Release|Any CPU
		{E82CF697-ECFF-4DE8-9266-59CF8017E88F}.AppStore|iPhone.Build.0 = Release|Any CPU
		{E82CF697-ECFF-4DE8-9266-59CF8017E88F}.AppStore|iPhoneSimulator.ActiveCfg = Release|Any CPU
		{E82CF697-ECFF-4DE8-9266-59CF8017E88F}.AppStore|iPhoneSimulator.Build.0 = Release|Any CPU
		{E82CF697-ECFF-4DE8-9266-59CF8017E88F}.AppStore|x64.ActiveCfg = Release|Any CPU
		{E82CF697-ECFF-4DE8-9266-59CF8017E88F}.AppStore|x64.Build.0 = Release|Any CPU
		{E82CF697-ECFF-4DE8-9266-59CF8017E88F}.AppStore|x86.ActiveCfg = Release|Any CPU
		{E82CF697-ECFF-4DE8-9266-59CF8017E88F}.AppStore|x86.Build.0 = Release|Any CPU
		{E82CF697-ECFF-4DE8-9266-59CF8017E88F}.Debug|Any CPU.ActiveCfg = Debug|Any CPU
		{E82CF697-ECFF-4DE8-9266-59CF8017E88F}.Debug|Any CPU.Build.0 = Debug|Any CPU
		{E82CF697-ECFF-4DE8-9266-59CF8017E88F}.Debug|ARM.ActiveCfg = Debug|Any CPU
		{E82CF697-ECFF-4DE8-9266-59CF8017E88F}.Debug|ARM.Build.0 = Debug|Any CPU
		{E82CF697-ECFF-4DE8-9266-59CF8017E88F}.Debug|iPhone.ActiveCfg = Debug|Any CPU
		{E82CF697-ECFF-4DE8-9266-59CF8017E88F}.Debug|iPhone.Build.0 = Debug|Any CPU
		{E82CF697-ECFF-4DE8-9266-59CF8017E88F}.Debug|iPhoneSimulator.ActiveCfg = Debug|Any CPU
		{E82CF697-ECFF-4DE8-9266-59CF8017E88F}.Debug|iPhoneSimulator.Build.0 = Debug|Any CPU
		{E82CF697-ECFF-4DE8-9266-59CF8017E88F}.Debug|x64.ActiveCfg = Debug|Any CPU
		{E82CF697-ECFF-4DE8-9266-59CF8017E88F}.Debug|x64.Build.0 = Debug|Any CPU
		{E82CF697-ECFF-4DE8-9266-59CF8017E88F}.Debug|x86.ActiveCfg = Debug|Any CPU
		{E82CF697-ECFF-4DE8-9266-59CF8017E88F}.Debug|x86.Build.0 = Debug|Any CPU
		{E82CF697-ECFF-4DE8-9266-59CF8017E88F}.Release|Any CPU.ActiveCfg = Release|Any CPU
		{E82CF697-ECFF-4DE8-9266-59CF8017E88F}.Release|Any CPU.Build.0 = Release|Any CPU
		{E82CF697-ECFF-4DE8-9266-59CF8017E88F}.Release|ARM.ActiveCfg = Release|Any CPU
		{E82CF697-ECFF-4DE8-9266-59CF8017E88F}.Release|ARM.Build.0 = Release|Any CPU
		{E82CF697-ECFF-4DE8-9266-59CF8017E88F}.Release|iPhone.ActiveCfg = Release|Any CPU
		{E82CF697-ECFF-4DE8-9266-59CF8017E88F}.Release|iPhone.Build.0 = Release|Any CPU
		{E82CF697-ECFF-4DE8-9266-59CF8017E88F}.Release|iPhoneSimulator.ActiveCfg = Release|Any CPU
		{E82CF697-ECFF-4DE8-9266-59CF8017E88F}.Release|iPhoneSimulator.Build.0 = Release|Any CPU
		{E82CF697-ECFF-4DE8-9266-59CF8017E88F}.Release|x64.ActiveCfg = Release|Any CPU
		{E82CF697-ECFF-4DE8-9266-59CF8017E88F}.Release|x64.Build.0 = Release|Any CPU
		{E82CF697-ECFF-4DE8-9266-59CF8017E88F}.Release|x86.ActiveCfg = Release|Any CPU
		{E82CF697-ECFF-4DE8-9266-59CF8017E88F}.Release|x86.Build.0 = Release|Any CPU
		{0A6A5B0D-8F7D-46D6-8A16-7D0D95845931}.Ad-Hoc|Any CPU.ActiveCfg = Release|Any CPU
		{0A6A5B0D-8F7D-46D6-8A16-7D0D95845931}.Ad-Hoc|Any CPU.Build.0 = Release|Any CPU
		{0A6A5B0D-8F7D-46D6-8A16-7D0D95845931}.Ad-Hoc|Any CPU.Deploy.0 = Release|Any CPU
		{0A6A5B0D-8F7D-46D6-8A16-7D0D95845931}.Ad-Hoc|ARM.ActiveCfg = Release|Any CPU
		{0A6A5B0D-8F7D-46D6-8A16-7D0D95845931}.Ad-Hoc|ARM.Build.0 = Release|Any CPU
		{0A6A5B0D-8F7D-46D6-8A16-7D0D95845931}.Ad-Hoc|ARM.Deploy.0 = Release|Any CPU
		{0A6A5B0D-8F7D-46D6-8A16-7D0D95845931}.Ad-Hoc|iPhone.ActiveCfg = Release|Any CPU
		{0A6A5B0D-8F7D-46D6-8A16-7D0D95845931}.Ad-Hoc|iPhone.Build.0 = Release|Any CPU
		{0A6A5B0D-8F7D-46D6-8A16-7D0D95845931}.Ad-Hoc|iPhone.Deploy.0 = Release|Any CPU
		{0A6A5B0D-8F7D-46D6-8A16-7D0D95845931}.Ad-Hoc|iPhoneSimulator.ActiveCfg = Release|Any CPU
		{0A6A5B0D-8F7D-46D6-8A16-7D0D95845931}.Ad-Hoc|iPhoneSimulator.Build.0 = Release|Any CPU
		{0A6A5B0D-8F7D-46D6-8A16-7D0D95845931}.Ad-Hoc|iPhoneSimulator.Deploy.0 = Release|Any CPU
		{0A6A5B0D-8F7D-46D6-8A16-7D0D95845931}.Ad-Hoc|x64.ActiveCfg = Release|Any CPU
		{0A6A5B0D-8F7D-46D6-8A16-7D0D95845931}.Ad-Hoc|x64.Build.0 = Release|Any CPU
		{0A6A5B0D-8F7D-46D6-8A16-7D0D95845931}.Ad-Hoc|x64.Deploy.0 = Release|Any CPU
		{0A6A5B0D-8F7D-46D6-8A16-7D0D95845931}.Ad-Hoc|x86.ActiveCfg = Release|Any CPU
		{0A6A5B0D-8F7D-46D6-8A16-7D0D95845931}.Ad-Hoc|x86.Build.0 = Release|Any CPU
		{0A6A5B0D-8F7D-46D6-8A16-7D0D95845931}.Ad-Hoc|x86.Deploy.0 = Release|Any CPU
		{0A6A5B0D-8F7D-46D6-8A16-7D0D95845931}.AppStore|Any CPU.ActiveCfg = Release|Any CPU
		{0A6A5B0D-8F7D-46D6-8A16-7D0D95845931}.AppStore|Any CPU.Build.0 = Release|Any CPU
		{0A6A5B0D-8F7D-46D6-8A16-7D0D95845931}.AppStore|Any CPU.Deploy.0 = Release|Any CPU
		{0A6A5B0D-8F7D-46D6-8A16-7D0D95845931}.AppStore|ARM.ActiveCfg = Release|Any CPU
		{0A6A5B0D-8F7D-46D6-8A16-7D0D95845931}.AppStore|ARM.Build.0 = Release|Any CPU
		{0A6A5B0D-8F7D-46D6-8A16-7D0D95845931}.AppStore|ARM.Deploy.0 = Release|Any CPU
		{0A6A5B0D-8F7D-46D6-8A16-7D0D95845931}.AppStore|iPhone.ActiveCfg = Release|Any CPU
		{0A6A5B0D-8F7D-46D6-8A16-7D0D95845931}.AppStore|iPhone.Build.0 = Release|Any CPU
		{0A6A5B0D-8F7D-46D6-8A16-7D0D95845931}.AppStore|iPhone.Deploy.0 = Release|Any CPU
		{0A6A5B0D-8F7D-46D6-8A16-7D0D95845931}.AppStore|iPhoneSimulator.ActiveCfg = Release|Any CPU
		{0A6A5B0D-8F7D-46D6-8A16-7D0D95845931}.AppStore|iPhoneSimulator.Build.0 = Release|Any CPU
		{0A6A5B0D-8F7D-46D6-8A16-7D0D95845931}.AppStore|iPhoneSimulator.Deploy.0 = Release|Any CPU
		{0A6A5B0D-8F7D-46D6-8A16-7D0D95845931}.AppStore|x64.ActiveCfg = Release|Any CPU
		{0A6A5B0D-8F7D-46D6-8A16-7D0D95845931}.AppStore|x64.Build.0 = Release|Any CPU
		{0A6A5B0D-8F7D-46D6-8A16-7D0D95845931}.AppStore|x64.Deploy.0 = Release|Any CPU
		{0A6A5B0D-8F7D-46D6-8A16-7D0D95845931}.AppStore|x86.ActiveCfg = Release|Any CPU
		{0A6A5B0D-8F7D-46D6-8A16-7D0D95845931}.AppStore|x86.Build.0 = Release|Any CPU
		{0A6A5B0D-8F7D-46D6-8A16-7D0D95845931}.AppStore|x86.Deploy.0 = Release|Any CPU
		{0A6A5B0D-8F7D-46D6-8A16-7D0D95845931}.Debug|Any CPU.ActiveCfg = Debug|Any CPU
		{0A6A5B0D-8F7D-46D6-8A16-7D0D95845931}.Debug|Any CPU.Build.0 = Debug|Any CPU
		{0A6A5B0D-8F7D-46D6-8A16-7D0D95845931}.Debug|Any CPU.Deploy.0 = Debug|Any CPU
		{0A6A5B0D-8F7D-46D6-8A16-7D0D95845931}.Debug|ARM.ActiveCfg = Debug|Any CPU
		{0A6A5B0D-8F7D-46D6-8A16-7D0D95845931}.Debug|ARM.Build.0 = Debug|Any CPU
		{0A6A5B0D-8F7D-46D6-8A16-7D0D95845931}.Debug|ARM.Deploy.0 = Debug|Any CPU
		{0A6A5B0D-8F7D-46D6-8A16-7D0D95845931}.Debug|iPhone.ActiveCfg = Debug|Any CPU
		{0A6A5B0D-8F7D-46D6-8A16-7D0D95845931}.Debug|iPhone.Build.0 = Debug|Any CPU
		{0A6A5B0D-8F7D-46D6-8A16-7D0D95845931}.Debug|iPhone.Deploy.0 = Debug|Any CPU
		{0A6A5B0D-8F7D-46D6-8A16-7D0D95845931}.Debug|iPhoneSimulator.ActiveCfg = Debug|Any CPU
		{0A6A5B0D-8F7D-46D6-8A16-7D0D95845931}.Debug|iPhoneSimulator.Build.0 = Debug|Any CPU
		{0A6A5B0D-8F7D-46D6-8A16-7D0D95845931}.Debug|iPhoneSimulator.Deploy.0 = Debug|Any CPU
		{0A6A5B0D-8F7D-46D6-8A16-7D0D95845931}.Debug|x64.ActiveCfg = Debug|Any CPU
		{0A6A5B0D-8F7D-46D6-8A16-7D0D95845931}.Debug|x64.Build.0 = Debug|Any CPU
		{0A6A5B0D-8F7D-46D6-8A16-7D0D95845931}.Debug|x64.Deploy.0 = Debug|Any CPU
		{0A6A5B0D-8F7D-46D6-8A16-7D0D95845931}.Debug|x86.ActiveCfg = Debug|Any CPU
		{0A6A5B0D-8F7D-46D6-8A16-7D0D95845931}.Debug|x86.Build.0 = Debug|Any CPU
		{0A6A5B0D-8F7D-46D6-8A16-7D0D95845931}.Debug|x86.Deploy.0 = Debug|Any CPU
		{0A6A5B0D-8F7D-46D6-8A16-7D0D95845931}.Release|Any CPU.ActiveCfg = Release|Any CPU
		{0A6A5B0D-8F7D-46D6-8A16-7D0D95845931}.Release|Any CPU.Build.0 = Release|Any CPU
		{0A6A5B0D-8F7D-46D6-8A16-7D0D95845931}.Release|Any CPU.Deploy.0 = Release|Any CPU
		{0A6A5B0D-8F7D-46D6-8A16-7D0D95845931}.Release|ARM.ActiveCfg = Release|Any CPU
		{0A6A5B0D-8F7D-46D6-8A16-7D0D95845931}.Release|ARM.Build.0 = Release|Any CPU
		{0A6A5B0D-8F7D-46D6-8A16-7D0D95845931}.Release|ARM.Deploy.0 = Release|Any CPU
		{0A6A5B0D-8F7D-46D6-8A16-7D0D95845931}.Release|iPhone.ActiveCfg = Release|Any CPU
		{0A6A5B0D-8F7D-46D6-8A16-7D0D95845931}.Release|iPhone.Build.0 = Release|Any CPU
		{0A6A5B0D-8F7D-46D6-8A16-7D0D95845931}.Release|iPhone.Deploy.0 = Release|Any CPU
		{0A6A5B0D-8F7D-46D6-8A16-7D0D95845931}.Release|iPhoneSimulator.ActiveCfg = Release|Any CPU
		{0A6A5B0D-8F7D-46D6-8A16-7D0D95845931}.Release|iPhoneSimulator.Build.0 = Release|Any CPU
		{0A6A5B0D-8F7D-46D6-8A16-7D0D95845931}.Release|iPhoneSimulator.Deploy.0 = Release|Any CPU
		{0A6A5B0D-8F7D-46D6-8A16-7D0D95845931}.Release|x64.ActiveCfg = Release|Any CPU
		{0A6A5B0D-8F7D-46D6-8A16-7D0D95845931}.Release|x64.Build.0 = Release|Any CPU
		{0A6A5B0D-8F7D-46D6-8A16-7D0D95845931}.Release|x64.Deploy.0 = Release|Any CPU
		{0A6A5B0D-8F7D-46D6-8A16-7D0D95845931}.Release|x86.ActiveCfg = Release|Any CPU
		{0A6A5B0D-8F7D-46D6-8A16-7D0D95845931}.Release|x86.Build.0 = Release|Any CPU
		{0A6A5B0D-8F7D-46D6-8A16-7D0D95845931}.Release|x86.Deploy.0 = Release|Any CPU
		{81C96F7E-B33E-4902-8F5E-0B4FE42A3811}.Ad-Hoc|Any CPU.ActiveCfg = Ad-Hoc|iPhone
		{81C96F7E-B33E-4902-8F5E-0B4FE42A3811}.Ad-Hoc|ARM.ActiveCfg = Ad-Hoc|iPhone
		{81C96F7E-B33E-4902-8F5E-0B4FE42A3811}.Ad-Hoc|iPhone.ActiveCfg = Ad-Hoc|iPhone
		{81C96F7E-B33E-4902-8F5E-0B4FE42A3811}.Ad-Hoc|iPhone.Build.0 = Ad-Hoc|iPhone
		{81C96F7E-B33E-4902-8F5E-0B4FE42A3811}.Ad-Hoc|iPhoneSimulator.ActiveCfg = Ad-Hoc|iPhoneSimulator
		{81C96F7E-B33E-4902-8F5E-0B4FE42A3811}.Ad-Hoc|iPhoneSimulator.Build.0 = Ad-Hoc|iPhoneSimulator
		{81C96F7E-B33E-4902-8F5E-0B4FE42A3811}.Ad-Hoc|x64.ActiveCfg = Ad-Hoc|iPhone
		{81C96F7E-B33E-4902-8F5E-0B4FE42A3811}.Ad-Hoc|x86.ActiveCfg = Ad-Hoc|iPhone
		{81C96F7E-B33E-4902-8F5E-0B4FE42A3811}.AppStore|Any CPU.ActiveCfg = AppStore|iPhone
		{81C96F7E-B33E-4902-8F5E-0B4FE42A3811}.AppStore|ARM.ActiveCfg = AppStore|iPhone
		{81C96F7E-B33E-4902-8F5E-0B4FE42A3811}.AppStore|iPhone.ActiveCfg = AppStore|iPhone
		{81C96F7E-B33E-4902-8F5E-0B4FE42A3811}.AppStore|iPhone.Build.0 = AppStore|iPhone
		{81C96F7E-B33E-4902-8F5E-0B4FE42A3811}.AppStore|iPhoneSimulator.ActiveCfg = AppStore|iPhoneSimulator
		{81C96F7E-B33E-4902-8F5E-0B4FE42A3811}.AppStore|iPhoneSimulator.Build.0 = AppStore|iPhoneSimulator
		{81C96F7E-B33E-4902-8F5E-0B4FE42A3811}.AppStore|x64.ActiveCfg = AppStore|iPhone
		{81C96F7E-B33E-4902-8F5E-0B4FE42A3811}.AppStore|x86.ActiveCfg = AppStore|iPhone
		{81C96F7E-B33E-4902-8F5E-0B4FE42A3811}.Debug|Any CPU.ActiveCfg = Debug|iPhone
		{81C96F7E-B33E-4902-8F5E-0B4FE42A3811}.Debug|ARM.ActiveCfg = Debug|iPhone
		{81C96F7E-B33E-4902-8F5E-0B4FE42A3811}.Debug|iPhone.ActiveCfg = Debug|iPhone
		{81C96F7E-B33E-4902-8F5E-0B4FE42A3811}.Debug|iPhone.Build.0 = Debug|iPhone
		{81C96F7E-B33E-4902-8F5E-0B4FE42A3811}.Debug|iPhoneSimulator.ActiveCfg = Debug|iPhoneSimulator
		{81C96F7E-B33E-4902-8F5E-0B4FE42A3811}.Debug|iPhoneSimulator.Build.0 = Debug|iPhoneSimulator
		{81C96F7E-B33E-4902-8F5E-0B4FE42A3811}.Debug|x64.ActiveCfg = Debug|iPhone
		{81C96F7E-B33E-4902-8F5E-0B4FE42A3811}.Debug|x86.ActiveCfg = Debug|iPhone
		{81C96F7E-B33E-4902-8F5E-0B4FE42A3811}.Release|Any CPU.ActiveCfg = Release|iPhone
		{81C96F7E-B33E-4902-8F5E-0B4FE42A3811}.Release|ARM.ActiveCfg = Release|iPhone
		{81C96F7E-B33E-4902-8F5E-0B4FE42A3811}.Release|iPhone.ActiveCfg = Release|iPhone
		{81C96F7E-B33E-4902-8F5E-0B4FE42A3811}.Release|iPhone.Build.0 = Release|iPhone
		{81C96F7E-B33E-4902-8F5E-0B4FE42A3811}.Release|iPhoneSimulator.ActiveCfg = Release|iPhoneSimulator
		{81C96F7E-B33E-4902-8F5E-0B4FE42A3811}.Release|iPhoneSimulator.Build.0 = Release|iPhoneSimulator
		{81C96F7E-B33E-4902-8F5E-0B4FE42A3811}.Release|x64.ActiveCfg = Release|iPhone
		{81C96F7E-B33E-4902-8F5E-0B4FE42A3811}.Release|x86.ActiveCfg = Release|iPhone
		{B460B348-D839-40B1-AFB3-69C45875738C}.Ad-Hoc|Any CPU.ActiveCfg = Release|x86
		{B460B348-D839-40B1-AFB3-69C45875738C}.Ad-Hoc|Any CPU.Build.0 = Release|x86
		{B460B348-D839-40B1-AFB3-69C45875738C}.Ad-Hoc|Any CPU.Deploy.0 = Release|x86
		{B460B348-D839-40B1-AFB3-69C45875738C}.Ad-Hoc|ARM.ActiveCfg = Release|ARM
		{B460B348-D839-40B1-AFB3-69C45875738C}.Ad-Hoc|ARM.Build.0 = Release|ARM
		{B460B348-D839-40B1-AFB3-69C45875738C}.Ad-Hoc|ARM.Deploy.0 = Release|ARM
		{B460B348-D839-40B1-AFB3-69C45875738C}.Ad-Hoc|iPhone.ActiveCfg = Release|x86
		{B460B348-D839-40B1-AFB3-69C45875738C}.Ad-Hoc|iPhone.Build.0 = Release|x86
		{B460B348-D839-40B1-AFB3-69C45875738C}.Ad-Hoc|iPhone.Deploy.0 = Release|x86
		{B460B348-D839-40B1-AFB3-69C45875738C}.Ad-Hoc|iPhoneSimulator.ActiveCfg = Release|x86
		{B460B348-D839-40B1-AFB3-69C45875738C}.Ad-Hoc|iPhoneSimulator.Build.0 = Release|x86
		{B460B348-D839-40B1-AFB3-69C45875738C}.Ad-Hoc|iPhoneSimulator.Deploy.0 = Release|x86
		{B460B348-D839-40B1-AFB3-69C45875738C}.Ad-Hoc|x64.ActiveCfg = Release|x64
		{B460B348-D839-40B1-AFB3-69C45875738C}.Ad-Hoc|x64.Build.0 = Release|x64
		{B460B348-D839-40B1-AFB3-69C45875738C}.Ad-Hoc|x64.Deploy.0 = Release|x64
		{B460B348-D839-40B1-AFB3-69C45875738C}.Ad-Hoc|x86.ActiveCfg = Release|x86
		{B460B348-D839-40B1-AFB3-69C45875738C}.Ad-Hoc|x86.Build.0 = Release|x86
		{B460B348-D839-40B1-AFB3-69C45875738C}.Ad-Hoc|x86.Deploy.0 = Release|x86
		{B460B348-D839-40B1-AFB3-69C45875738C}.AppStore|Any CPU.ActiveCfg = Release|x86
		{B460B348-D839-40B1-AFB3-69C45875738C}.AppStore|Any CPU.Build.0 = Release|x86
		{B460B348-D839-40B1-AFB3-69C45875738C}.AppStore|Any CPU.Deploy.0 = Release|x86
		{B460B348-D839-40B1-AFB3-69C45875738C}.AppStore|ARM.ActiveCfg = Release|ARM
		{B460B348-D839-40B1-AFB3-69C45875738C}.AppStore|ARM.Build.0 = Release|ARM
		{B460B348-D839-40B1-AFB3-69C45875738C}.AppStore|ARM.Deploy.0 = Release|ARM
		{B460B348-D839-40B1-AFB3-69C45875738C}.AppStore|iPhone.ActiveCfg = Release|x86
		{B460B348-D839-40B1-AFB3-69C45875738C}.AppStore|iPhone.Build.0 = Release|x86
		{B460B348-D839-40B1-AFB3-69C45875738C}.AppStore|iPhone.Deploy.0 = Release|x86
		{B460B348-D839-40B1-AFB3-69C45875738C}.AppStore|iPhoneSimulator.ActiveCfg = Release|x86
		{B460B348-D839-40B1-AFB3-69C45875738C}.AppStore|iPhoneSimulator.Build.0 = Release|x86
		{B460B348-D839-40B1-AFB3-69C45875738C}.AppStore|iPhoneSimulator.Deploy.0 = Release|x86
		{B460B348-D839-40B1-AFB3-69C45875738C}.AppStore|x64.ActiveCfg = Release|x64
		{B460B348-D839-40B1-AFB3-69C45875738C}.AppStore|x64.Build.0 = Release|x64
		{B460B348-D839-40B1-AFB3-69C45875738C}.AppStore|x64.Deploy.0 = Release|x64
		{B460B348-D839-40B1-AFB3-69C45875738C}.AppStore|x86.ActiveCfg = Release|x86
		{B460B348-D839-40B1-AFB3-69C45875738C}.AppStore|x86.Build.0 = Release|x86
		{B460B348-D839-40B1-AFB3-69C45875738C}.AppStore|x86.Deploy.0 = Release|x86
		{B460B348-D839-40B1-AFB3-69C45875738C}.Debug|Any CPU.ActiveCfg = Debug|x86
		{B460B348-D839-40B1-AFB3-69C45875738C}.Debug|ARM.ActiveCfg = Debug|ARM
		{B460B348-D839-40B1-AFB3-69C45875738C}.Debug|ARM.Build.0 = Debug|ARM
		{B460B348-D839-40B1-AFB3-69C45875738C}.Debug|ARM.Deploy.0 = Debug|ARM
		{B460B348-D839-40B1-AFB3-69C45875738C}.Debug|iPhone.ActiveCfg = Debug|x86
		{B460B348-D839-40B1-AFB3-69C45875738C}.Debug|iPhoneSimulator.ActiveCfg = Debug|x86
		{B460B348-D839-40B1-AFB3-69C45875738C}.Debug|x64.ActiveCfg = Debug|x64
		{B460B348-D839-40B1-AFB3-69C45875738C}.Debug|x64.Build.0 = Debug|x64
		{B460B348-D839-40B1-AFB3-69C45875738C}.Debug|x64.Deploy.0 = Debug|x64
		{B460B348-D839-40B1-AFB3-69C45875738C}.Debug|x86.ActiveCfg = Debug|x86
		{B460B348-D839-40B1-AFB3-69C45875738C}.Debug|x86.Build.0 = Debug|x86
		{B460B348-D839-40B1-AFB3-69C45875738C}.Debug|x86.Deploy.0 = Debug|x86
		{B460B348-D839-40B1-AFB3-69C45875738C}.Release|Any CPU.ActiveCfg = Release|x86
		{B460B348-D839-40B1-AFB3-69C45875738C}.Release|ARM.ActiveCfg = Release|ARM
		{B460B348-D839-40B1-AFB3-69C45875738C}.Release|ARM.Build.0 = Release|ARM
		{B460B348-D839-40B1-AFB3-69C45875738C}.Release|ARM.Deploy.0 = Release|ARM
		{B460B348-D839-40B1-AFB3-69C45875738C}.Release|iPhone.ActiveCfg = Release|x86
		{B460B348-D839-40B1-AFB3-69C45875738C}.Release|iPhoneSimulator.ActiveCfg = Release|x86
		{B460B348-D839-40B1-AFB3-69C45875738C}.Release|x64.ActiveCfg = Release|x64
		{B460B348-D839-40B1-AFB3-69C45875738C}.Release|x64.Build.0 = Release|x64
		{B460B348-D839-40B1-AFB3-69C45875738C}.Release|x64.Deploy.0 = Release|x64
		{B460B348-D839-40B1-AFB3-69C45875738C}.Release|x86.ActiveCfg = Release|x86
		{B460B348-D839-40B1-AFB3-69C45875738C}.Release|x86.Build.0 = Release|x86
		{B460B348-D839-40B1-AFB3-69C45875738C}.Release|x86.Deploy.0 = Release|x86
		{59BDE92F-18C4-4010-982A-5598B7E55B56}.Ad-Hoc|Any CPU.ActiveCfg = Release|Any CPU
		{59BDE92F-18C4-4010-982A-5598B7E55B56}.Ad-Hoc|Any CPU.Build.0 = Release|Any CPU
		{59BDE92F-18C4-4010-982A-5598B7E55B56}.Ad-Hoc|ARM.ActiveCfg = Release|Any CPU
		{59BDE92F-18C4-4010-982A-5598B7E55B56}.Ad-Hoc|ARM.Build.0 = Release|Any CPU
		{59BDE92F-18C4-4010-982A-5598B7E55B56}.Ad-Hoc|iPhone.ActiveCfg = Release|Any CPU
		{59BDE92F-18C4-4010-982A-5598B7E55B56}.Ad-Hoc|iPhone.Build.0 = Release|Any CPU
		{59BDE92F-18C4-4010-982A-5598B7E55B56}.Ad-Hoc|iPhoneSimulator.ActiveCfg = Release|Any CPU
		{59BDE92F-18C4-4010-982A-5598B7E55B56}.Ad-Hoc|iPhoneSimulator.Build.0 = Release|Any CPU
		{59BDE92F-18C4-4010-982A-5598B7E55B56}.Ad-Hoc|x64.ActiveCfg = Release|Any CPU
		{59BDE92F-18C4-4010-982A-5598B7E55B56}.Ad-Hoc|x64.Build.0 = Release|Any CPU
		{59BDE92F-18C4-4010-982A-5598B7E55B56}.Ad-Hoc|x86.ActiveCfg = Release|Any CPU
		{59BDE92F-18C4-4010-982A-5598B7E55B56}.Ad-Hoc|x86.Build.0 = Release|Any CPU
		{59BDE92F-18C4-4010-982A-5598B7E55B56}.AppStore|Any CPU.ActiveCfg = Release|Any CPU
		{59BDE92F-18C4-4010-982A-5598B7E55B56}.AppStore|Any CPU.Build.0 = Release|Any CPU
		{59BDE92F-18C4-4010-982A-5598B7E55B56}.AppStore|ARM.ActiveCfg = Release|Any CPU
		{59BDE92F-18C4-4010-982A-5598B7E55B56}.AppStore|ARM.Build.0 = Release|Any CPU
		{59BDE92F-18C4-4010-982A-5598B7E55B56}.AppStore|iPhone.ActiveCfg = Release|Any CPU
		{59BDE92F-18C4-4010-982A-5598B7E55B56}.AppStore|iPhone.Build.0 = Release|Any CPU
		{59BDE92F-18C4-4010-982A-5598B7E55B56}.AppStore|iPhoneSimulator.ActiveCfg = Release|Any CPU
		{59BDE92F-18C4-4010-982A-5598B7E55B56}.AppStore|iPhoneSimulator.Build.0 = Release|Any CPU
		{59BDE92F-18C4-4010-982A-5598B7E55B56}.AppStore|x64.ActiveCfg = Release|Any CPU
		{59BDE92F-18C4-4010-982A-5598B7E55B56}.AppStore|x64.Build.0 = Release|Any CPU
		{59BDE92F-18C4-4010-982A-5598B7E55B56}.AppStore|x86.ActiveCfg = Release|Any CPU
		{59BDE92F-18C4-4010-982A-5598B7E55B56}.AppStore|x86.Build.0 = Release|Any CPU
		{59BDE92F-18C4-4010-982A-5598B7E55B56}.Debug|Any CPU.ActiveCfg = Debug|Any CPU
		{59BDE92F-18C4-4010-982A-5598B7E55B56}.Debug|Any CPU.Build.0 = Debug|Any CPU
		{59BDE92F-18C4-4010-982A-5598B7E55B56}.Debug|ARM.ActiveCfg = Debug|Any CPU
		{59BDE92F-18C4-4010-982A-5598B7E55B56}.Debug|ARM.Build.0 = Debug|Any CPU
		{59BDE92F-18C4-4010-982A-5598B7E55B56}.Debug|iPhone.ActiveCfg = Debug|Any CPU
		{59BDE92F-18C4-4010-982A-5598B7E55B56}.Debug|iPhone.Build.0 = Debug|Any CPU
		{59BDE92F-18C4-4010-982A-5598B7E55B56}.Debug|iPhoneSimulator.ActiveCfg = Debug|Any CPU
		{59BDE92F-18C4-4010-982A-5598B7E55B56}.Debug|iPhoneSimulator.Build.0 = Debug|Any CPU
		{59BDE92F-18C4-4010-982A-5598B7E55B56}.Debug|x64.ActiveCfg = Debug|Any CPU
		{59BDE92F-18C4-4010-982A-5598B7E55B56}.Debug|x64.Build.0 = Debug|Any CPU
		{59BDE92F-18C4-4010-982A-5598B7E55B56}.Debug|x86.ActiveCfg = Debug|Any CPU
		{59BDE92F-18C4-4010-982A-5598B7E55B56}.Debug|x86.Build.0 = Debug|Any CPU
		{59BDE92F-18C4-4010-982A-5598B7E55B56}.Release|Any CPU.ActiveCfg = Release|Any CPU
		{59BDE92F-18C4-4010-982A-5598B7E55B56}.Release|Any CPU.Build.0 = Release|Any CPU
		{59BDE92F-18C4-4010-982A-5598B7E55B56}.Release|ARM.ActiveCfg = Release|Any CPU
		{59BDE92F-18C4-4010-982A-5598B7E55B56}.Release|ARM.Build.0 = Release|Any CPU
		{59BDE92F-18C4-4010-982A-5598B7E55B56}.Release|iPhone.ActiveCfg = Release|Any CPU
		{59BDE92F-18C4-4010-982A-5598B7E55B56}.Release|iPhone.Build.0 = Release|Any CPU
		{59BDE92F-18C4-4010-982A-5598B7E55B56}.Release|iPhoneSimulator.ActiveCfg = Release|Any CPU
		{59BDE92F-18C4-4010-982A-5598B7E55B56}.Release|iPhoneSimulator.Build.0 = Release|Any CPU
		{59BDE92F-18C4-4010-982A-5598B7E55B56}.Release|x64.ActiveCfg = Release|Any CPU
		{59BDE92F-18C4-4010-982A-5598B7E55B56}.Release|x64.Build.0 = Release|Any CPU
		{59BDE92F-18C4-4010-982A-5598B7E55B56}.Release|x86.ActiveCfg = Release|Any CPU
		{59BDE92F-18C4-4010-982A-5598B7E55B56}.Release|x86.Build.0 = Release|Any CPU
		{8CEBB6C5-CAA9-41E9-BE37-6FD95A705E98}.Ad-Hoc|Any CPU.ActiveCfg = Release|Any CPU
		{8CEBB6C5-CAA9-41E9-BE37-6FD95A705E98}.Ad-Hoc|Any CPU.Build.0 = Release|Any CPU
		{8CEBB6C5-CAA9-41E9-BE37-6FD95A705E98}.Ad-Hoc|ARM.ActiveCfg = Release|Any CPU
		{8CEBB6C5-CAA9-41E9-BE37-6FD95A705E98}.Ad-Hoc|ARM.Build.0 = Release|Any CPU
		{8CEBB6C5-CAA9-41E9-BE37-6FD95A705E98}.Ad-Hoc|iPhone.ActiveCfg = Release|Any CPU
		{8CEBB6C5-CAA9-41E9-BE37-6FD95A705E98}.Ad-Hoc|iPhone.Build.0 = Release|Any CPU
		{8CEBB6C5-CAA9-41E9-BE37-6FD95A705E98}.Ad-Hoc|iPhoneSimulator.ActiveCfg = Release|Any CPU
		{8CEBB6C5-CAA9-41E9-BE37-6FD95A705E98}.Ad-Hoc|iPhoneSimulator.Build.0 = Release|Any CPU
		{8CEBB6C5-CAA9-41E9-BE37-6FD95A705E98}.Ad-Hoc|x64.ActiveCfg = Release|Any CPU
		{8CEBB6C5-CAA9-41E9-BE37-6FD95A705E98}.Ad-Hoc|x64.Build.0 = Release|Any CPU
		{8CEBB6C5-CAA9-41E9-BE37-6FD95A705E98}.Ad-Hoc|x86.ActiveCfg = Release|Any CPU
		{8CEBB6C5-CAA9-41E9-BE37-6FD95A705E98}.Ad-Hoc|x86.Build.0 = Release|Any CPU
		{8CEBB6C5-CAA9-41E9-BE37-6FD95A705E98}.AppStore|Any CPU.ActiveCfg = Release|Any CPU
		{8CEBB6C5-CAA9-41E9-BE37-6FD95A705E98}.AppStore|Any CPU.Build.0 = Release|Any CPU
		{8CEBB6C5-CAA9-41E9-BE37-6FD95A705E98}.AppStore|ARM.ActiveCfg = Release|Any CPU
		{8CEBB6C5-CAA9-41E9-BE37-6FD95A705E98}.AppStore|ARM.Build.0 = Release|Any CPU
		{8CEBB6C5-CAA9-41E9-BE37-6FD95A705E98}.AppStore|iPhone.ActiveCfg = Release|Any CPU
		{8CEBB6C5-CAA9-41E9-BE37-6FD95A705E98}.AppStore|iPhone.Build.0 = Release|Any CPU
		{8CEBB6C5-CAA9-41E9-BE37-6FD95A705E98}.AppStore|iPhoneSimulator.ActiveCfg = Release|Any CPU
		{8CEBB6C5-CAA9-41E9-BE37-6FD95A705E98}.AppStore|iPhoneSimulator.Build.0 = Release|Any CPU
		{8CEBB6C5-CAA9-41E9-BE37-6FD95A705E98}.AppStore|x64.ActiveCfg = Release|Any CPU
		{8CEBB6C5-CAA9-41E9-BE37-6FD95A705E98}.AppStore|x64.Build.0 = Release|Any CPU
		{8CEBB6C5-CAA9-41E9-BE37-6FD95A705E98}.AppStore|x86.ActiveCfg = Release|Any CPU
		{8CEBB6C5-CAA9-41E9-BE37-6FD95A705E98}.AppStore|x86.Build.0 = Release|Any CPU
		{8CEBB6C5-CAA9-41E9-BE37-6FD95A705E98}.Debug|Any CPU.ActiveCfg = Debug|Any CPU
		{8CEBB6C5-CAA9-41E9-BE37-6FD95A705E98}.Debug|Any CPU.Build.0 = Debug|Any CPU
		{8CEBB6C5-CAA9-41E9-BE37-6FD95A705E98}.Debug|ARM.ActiveCfg = Debug|Any CPU
		{8CEBB6C5-CAA9-41E9-BE37-6FD95A705E98}.Debug|ARM.Build.0 = Debug|Any CPU
		{8CEBB6C5-CAA9-41E9-BE37-6FD95A705E98}.Debug|iPhone.ActiveCfg = Debug|Any CPU
		{8CEBB6C5-CAA9-41E9-BE37-6FD95A705E98}.Debug|iPhone.Build.0 = Debug|Any CPU
		{8CEBB6C5-CAA9-41E9-BE37-6FD95A705E98}.Debug|iPhoneSimulator.ActiveCfg = Debug|Any CPU
		{8CEBB6C5-CAA9-41E9-BE37-6FD95A705E98}.Debug|iPhoneSimulator.Build.0 = Debug|Any CPU
		{8CEBB6C5-CAA9-41E9-BE37-6FD95A705E98}.Debug|x64.ActiveCfg = Debug|Any CPU
		{8CEBB6C5-CAA9-41E9-BE37-6FD95A705E98}.Debug|x64.Build.0 = Debug|Any CPU
		{8CEBB6C5-CAA9-41E9-BE37-6FD95A705E98}.Debug|x86.ActiveCfg = Debug|Any CPU
		{8CEBB6C5-CAA9-41E9-BE37-6FD95A705E98}.Debug|x86.Build.0 = Debug|Any CPU
		{8CEBB6C5-CAA9-41E9-BE37-6FD95A705E98}.Release|Any CPU.ActiveCfg = Release|Any CPU
		{8CEBB6C5-CAA9-41E9-BE37-6FD95A705E98}.Release|Any CPU.Build.0 = Release|Any CPU
		{8CEBB6C5-CAA9-41E9-BE37-6FD95A705E98}.Release|ARM.ActiveCfg = Release|Any CPU
		{8CEBB6C5-CAA9-41E9-BE37-6FD95A705E98}.Release|ARM.Build.0 = Release|Any CPU
		{8CEBB6C5-CAA9-41E9-BE37-6FD95A705E98}.Release|iPhone.ActiveCfg = Release|Any CPU
		{8CEBB6C5-CAA9-41E9-BE37-6FD95A705E98}.Release|iPhone.Build.0 = Release|Any CPU
		{8CEBB6C5-CAA9-41E9-BE37-6FD95A705E98}.Release|iPhoneSimulator.ActiveCfg = Release|Any CPU
		{8CEBB6C5-CAA9-41E9-BE37-6FD95A705E98}.Release|iPhoneSimulator.Build.0 = Release|Any CPU
		{8CEBB6C5-CAA9-41E9-BE37-6FD95A705E98}.Release|x64.ActiveCfg = Release|Any CPU
		{8CEBB6C5-CAA9-41E9-BE37-6FD95A705E98}.Release|x64.Build.0 = Release|Any CPU
		{8CEBB6C5-CAA9-41E9-BE37-6FD95A705E98}.Release|x86.ActiveCfg = Release|Any CPU
		{8CEBB6C5-CAA9-41E9-BE37-6FD95A705E98}.Release|x86.Build.0 = Release|Any CPU
		{542C10E8-3988-4A91-A970-EB7DB7D30563}.Ad-Hoc|Any CPU.ActiveCfg = Release|Any CPU
		{542C10E8-3988-4A91-A970-EB7DB7D30563}.Ad-Hoc|Any CPU.Build.0 = Release|Any CPU
		{542C10E8-3988-4A91-A970-EB7DB7D30563}.Ad-Hoc|ARM.ActiveCfg = Release|Any CPU
		{542C10E8-3988-4A91-A970-EB7DB7D30563}.Ad-Hoc|ARM.Build.0 = Release|Any CPU
		{542C10E8-3988-4A91-A970-EB7DB7D30563}.Ad-Hoc|iPhone.ActiveCfg = Release|Any CPU
		{542C10E8-3988-4A91-A970-EB7DB7D30563}.Ad-Hoc|iPhone.Build.0 = Release|Any CPU
		{542C10E8-3988-4A91-A970-EB7DB7D30563}.Ad-Hoc|iPhoneSimulator.ActiveCfg = Release|Any CPU
		{542C10E8-3988-4A91-A970-EB7DB7D30563}.Ad-Hoc|iPhoneSimulator.Build.0 = Release|Any CPU
		{542C10E8-3988-4A91-A970-EB7DB7D30563}.Ad-Hoc|x64.ActiveCfg = Release|Any CPU
		{542C10E8-3988-4A91-A970-EB7DB7D30563}.Ad-Hoc|x64.Build.0 = Release|Any CPU
		{542C10E8-3988-4A91-A970-EB7DB7D30563}.Ad-Hoc|x86.ActiveCfg = Release|Any CPU
		{542C10E8-3988-4A91-A970-EB7DB7D30563}.Ad-Hoc|x86.Build.0 = Release|Any CPU
		{542C10E8-3988-4A91-A970-EB7DB7D30563}.AppStore|Any CPU.ActiveCfg = Release|Any CPU
		{542C10E8-3988-4A91-A970-EB7DB7D30563}.AppStore|Any CPU.Build.0 = Release|Any CPU
		{542C10E8-3988-4A91-A970-EB7DB7D30563}.AppStore|ARM.ActiveCfg = Release|Any CPU
		{542C10E8-3988-4A91-A970-EB7DB7D30563}.AppStore|ARM.Build.0 = Release|Any CPU
		{542C10E8-3988-4A91-A970-EB7DB7D30563}.AppStore|iPhone.ActiveCfg = Release|Any CPU
		{542C10E8-3988-4A91-A970-EB7DB7D30563}.AppStore|iPhone.Build.0 = Release|Any CPU
		{542C10E8-3988-4A91-A970-EB7DB7D30563}.AppStore|iPhoneSimulator.ActiveCfg = Release|Any CPU
		{542C10E8-3988-4A91-A970-EB7DB7D30563}.AppStore|iPhoneSimulator.Build.0 = Release|Any CPU
		{542C10E8-3988-4A91-A970-EB7DB7D30563}.AppStore|x64.ActiveCfg = Release|Any CPU
		{542C10E8-3988-4A91-A970-EB7DB7D30563}.AppStore|x64.Build.0 = Release|Any CPU
		{542C10E8-3988-4A91-A970-EB7DB7D30563}.AppStore|x86.ActiveCfg = Release|Any CPU
		{542C10E8-3988-4A91-A970-EB7DB7D30563}.AppStore|x86.Build.0 = Release|Any CPU
		{542C10E8-3988-4A91-A970-EB7DB7D30563}.Debug|Any CPU.ActiveCfg = Debug|Any CPU
		{542C10E8-3988-4A91-A970-EB7DB7D30563}.Debug|Any CPU.Build.0 = Debug|Any CPU
		{542C10E8-3988-4A91-A970-EB7DB7D30563}.Debug|ARM.ActiveCfg = Debug|Any CPU
		{542C10E8-3988-4A91-A970-EB7DB7D30563}.Debug|ARM.Build.0 = Debug|Any CPU
		{542C10E8-3988-4A91-A970-EB7DB7D30563}.Debug|iPhone.ActiveCfg = Debug|Any CPU
		{542C10E8-3988-4A91-A970-EB7DB7D30563}.Debug|iPhone.Build.0 = Debug|Any CPU
		{542C10E8-3988-4A91-A970-EB7DB7D30563}.Debug|iPhoneSimulator.ActiveCfg = Debug|Any CPU
		{542C10E8-3988-4A91-A970-EB7DB7D30563}.Debug|iPhoneSimulator.Build.0 = Debug|Any CPU
		{542C10E8-3988-4A91-A970-EB7DB7D30563}.Debug|x64.ActiveCfg = Debug|Any CPU
		{542C10E8-3988-4A91-A970-EB7DB7D30563}.Debug|x64.Build.0 = Debug|Any CPU
		{542C10E8-3988-4A91-A970-EB7DB7D30563}.Debug|x86.ActiveCfg = Debug|Any CPU
		{542C10E8-3988-4A91-A970-EB7DB7D30563}.Debug|x86.Build.0 = Debug|Any CPU
		{542C10E8-3988-4A91-A970-EB7DB7D30563}.Release|Any CPU.ActiveCfg = Release|Any CPU
		{542C10E8-3988-4A91-A970-EB7DB7D30563}.Release|Any CPU.Build.0 = Release|Any CPU
		{542C10E8-3988-4A91-A970-EB7DB7D30563}.Release|ARM.ActiveCfg = Release|Any CPU
		{542C10E8-3988-4A91-A970-EB7DB7D30563}.Release|ARM.Build.0 = Release|Any CPU
		{542C10E8-3988-4A91-A970-EB7DB7D30563}.Release|iPhone.ActiveCfg = Release|Any CPU
		{542C10E8-3988-4A91-A970-EB7DB7D30563}.Release|iPhone.Build.0 = Release|Any CPU
		{542C10E8-3988-4A91-A970-EB7DB7D30563}.Release|iPhoneSimulator.ActiveCfg = Release|Any CPU
		{542C10E8-3988-4A91-A970-EB7DB7D30563}.Release|iPhoneSimulator.Build.0 = Release|Any CPU
		{542C10E8-3988-4A91-A970-EB7DB7D30563}.Release|x64.ActiveCfg = Release|Any CPU
		{542C10E8-3988-4A91-A970-EB7DB7D30563}.Release|x64.Build.0 = Release|Any CPU
		{542C10E8-3988-4A91-A970-EB7DB7D30563}.Release|x86.ActiveCfg = Release|Any CPU
		{542C10E8-3988-4A91-A970-EB7DB7D30563}.Release|x86.Build.0 = Release|Any CPU
		{453D004E-3BFC-4E93-B6E4-FA4E2A6F0230}.Ad-Hoc|Any CPU.ActiveCfg = Release|Any CPU
		{453D004E-3BFC-4E93-B6E4-FA4E2A6F0230}.Ad-Hoc|Any CPU.Build.0 = Release|Any CPU
		{453D004E-3BFC-4E93-B6E4-FA4E2A6F0230}.Ad-Hoc|ARM.ActiveCfg = Release|Any CPU
		{453D004E-3BFC-4E93-B6E4-FA4E2A6F0230}.Ad-Hoc|ARM.Build.0 = Release|Any CPU
		{453D004E-3BFC-4E93-B6E4-FA4E2A6F0230}.Ad-Hoc|iPhone.ActiveCfg = Release|Any CPU
		{453D004E-3BFC-4E93-B6E4-FA4E2A6F0230}.Ad-Hoc|iPhone.Build.0 = Release|Any CPU
		{453D004E-3BFC-4E93-B6E4-FA4E2A6F0230}.Ad-Hoc|iPhoneSimulator.ActiveCfg = Release|Any CPU
		{453D004E-3BFC-4E93-B6E4-FA4E2A6F0230}.Ad-Hoc|iPhoneSimulator.Build.0 = Release|Any CPU
		{453D004E-3BFC-4E93-B6E4-FA4E2A6F0230}.Ad-Hoc|x64.ActiveCfg = Release|Any CPU
		{453D004E-3BFC-4E93-B6E4-FA4E2A6F0230}.Ad-Hoc|x64.Build.0 = Release|Any CPU
		{453D004E-3BFC-4E93-B6E4-FA4E2A6F0230}.Ad-Hoc|x86.ActiveCfg = Release|Any CPU
		{453D004E-3BFC-4E93-B6E4-FA4E2A6F0230}.Ad-Hoc|x86.Build.0 = Release|Any CPU
		{453D004E-3BFC-4E93-B6E4-FA4E2A6F0230}.AppStore|Any CPU.ActiveCfg = Release|Any CPU
		{453D004E-3BFC-4E93-B6E4-FA4E2A6F0230}.AppStore|Any CPU.Build.0 = Release|Any CPU
		{453D004E-3BFC-4E93-B6E4-FA4E2A6F0230}.AppStore|ARM.ActiveCfg = Release|Any CPU
		{453D004E-3BFC-4E93-B6E4-FA4E2A6F0230}.AppStore|ARM.Build.0 = Release|Any CPU
		{453D004E-3BFC-4E93-B6E4-FA4E2A6F0230}.AppStore|iPhone.ActiveCfg = Release|Any CPU
		{453D004E-3BFC-4E93-B6E4-FA4E2A6F0230}.AppStore|iPhone.Build.0 = Release|Any CPU
		{453D004E-3BFC-4E93-B6E4-FA4E2A6F0230}.AppStore|iPhoneSimulator.ActiveCfg = Release|Any CPU
		{453D004E-3BFC-4E93-B6E4-FA4E2A6F0230}.AppStore|iPhoneSimulator.Build.0 = Release|Any CPU
		{453D004E-3BFC-4E93-B6E4-FA4E2A6F0230}.AppStore|x64.ActiveCfg = Release|Any CPU
		{453D004E-3BFC-4E93-B6E4-FA4E2A6F0230}.AppStore|x64.Build.0 = Release|Any CPU
		{453D004E-3BFC-4E93-B6E4-FA4E2A6F0230}.AppStore|x86.ActiveCfg = Release|Any CPU
		{453D004E-3BFC-4E93-B6E4-FA4E2A6F0230}.AppStore|x86.Build.0 = Release|Any CPU
		{453D004E-3BFC-4E93-B6E4-FA4E2A6F0230}.Debug|Any CPU.ActiveCfg = Debug|Any CPU
		{453D004E-3BFC-4E93-B6E4-FA4E2A6F0230}.Debug|Any CPU.Build.0 = Debug|Any CPU
		{453D004E-3BFC-4E93-B6E4-FA4E2A6F0230}.Debug|ARM.ActiveCfg = Debug|Any CPU
		{453D004E-3BFC-4E93-B6E4-FA4E2A6F0230}.Debug|ARM.Build.0 = Debug|Any CPU
		{453D004E-3BFC-4E93-B6E4-FA4E2A6F0230}.Debug|iPhone.ActiveCfg = Debug|Any CPU
		{453D004E-3BFC-4E93-B6E4-FA4E2A6F0230}.Debug|iPhone.Build.0 = Debug|Any CPU
		{453D004E-3BFC-4E93-B6E4-FA4E2A6F0230}.Debug|iPhoneSimulator.ActiveCfg = Debug|Any CPU
		{453D004E-3BFC-4E93-B6E4-FA4E2A6F0230}.Debug|iPhoneSimulator.Build.0 = Debug|Any CPU
		{453D004E-3BFC-4E93-B6E4-FA4E2A6F0230}.Debug|x64.ActiveCfg = Debug|Any CPU
		{453D004E-3BFC-4E93-B6E4-FA4E2A6F0230}.Debug|x64.Build.0 = Debug|Any CPU
		{453D004E-3BFC-4E93-B6E4-FA4E2A6F0230}.Debug|x86.ActiveCfg = Debug|Any CPU
		{453D004E-3BFC-4E93-B6E4-FA4E2A6F0230}.Debug|x86.Build.0 = Debug|Any CPU
		{453D004E-3BFC-4E93-B6E4-FA4E2A6F0230}.Release|Any CPU.ActiveCfg = Release|Any CPU
		{453D004E-3BFC-4E93-B6E4-FA4E2A6F0230}.Release|Any CPU.Build.0 = Release|Any CPU
		{453D004E-3BFC-4E93-B6E4-FA4E2A6F0230}.Release|ARM.ActiveCfg = Release|Any CPU
		{453D004E-3BFC-4E93-B6E4-FA4E2A6F0230}.Release|ARM.Build.0 = Release|Any CPU
		{453D004E-3BFC-4E93-B6E4-FA4E2A6F0230}.Release|iPhone.ActiveCfg = Release|Any CPU
		{453D004E-3BFC-4E93-B6E4-FA4E2A6F0230}.Release|iPhone.Build.0 = Release|Any CPU
		{453D004E-3BFC-4E93-B6E4-FA4E2A6F0230}.Release|iPhoneSimulator.ActiveCfg = Release|Any CPU
		{453D004E-3BFC-4E93-B6E4-FA4E2A6F0230}.Release|iPhoneSimulator.Build.0 = Release|Any CPU
		{453D004E-3BFC-4E93-B6E4-FA4E2A6F0230}.Release|x64.ActiveCfg = Release|Any CPU
		{453D004E-3BFC-4E93-B6E4-FA4E2A6F0230}.Release|x64.Build.0 = Release|Any CPU
		{453D004E-3BFC-4E93-B6E4-FA4E2A6F0230}.Release|x86.ActiveCfg = Release|Any CPU
		{453D004E-3BFC-4E93-B6E4-FA4E2A6F0230}.Release|x86.Build.0 = Release|Any CPU
		{9DD2AA2B-F719-4DC8-B91F-52574C07CD39}.Ad-Hoc|Any CPU.ActiveCfg = Release|Any CPU
		{9DD2AA2B-F719-4DC8-B91F-52574C07CD39}.Ad-Hoc|Any CPU.Build.0 = Release|Any CPU
		{9DD2AA2B-F719-4DC8-B91F-52574C07CD39}.Ad-Hoc|ARM.ActiveCfg = Release|Any CPU
		{9DD2AA2B-F719-4DC8-B91F-52574C07CD39}.Ad-Hoc|ARM.Build.0 = Release|Any CPU
		{9DD2AA2B-F719-4DC8-B91F-52574C07CD39}.Ad-Hoc|iPhone.ActiveCfg = Release|Any CPU
		{9DD2AA2B-F719-4DC8-B91F-52574C07CD39}.Ad-Hoc|iPhone.Build.0 = Release|Any CPU
		{9DD2AA2B-F719-4DC8-B91F-52574C07CD39}.Ad-Hoc|iPhoneSimulator.ActiveCfg = Release|Any CPU
		{9DD2AA2B-F719-4DC8-B91F-52574C07CD39}.Ad-Hoc|iPhoneSimulator.Build.0 = Release|Any CPU
		{9DD2AA2B-F719-4DC8-B91F-52574C07CD39}.Ad-Hoc|x64.ActiveCfg = Release|Any CPU
		{9DD2AA2B-F719-4DC8-B91F-52574C07CD39}.Ad-Hoc|x64.Build.0 = Release|Any CPU
		{9DD2AA2B-F719-4DC8-B91F-52574C07CD39}.Ad-Hoc|x86.ActiveCfg = Release|Any CPU
		{9DD2AA2B-F719-4DC8-B91F-52574C07CD39}.Ad-Hoc|x86.Build.0 = Release|Any CPU
		{9DD2AA2B-F719-4DC8-B91F-52574C07CD39}.AppStore|Any CPU.ActiveCfg = Release|Any CPU
		{9DD2AA2B-F719-4DC8-B91F-52574C07CD39}.AppStore|Any CPU.Build.0 = Release|Any CPU
		{9DD2AA2B-F719-4DC8-B91F-52574C07CD39}.AppStore|ARM.ActiveCfg = Release|Any CPU
		{9DD2AA2B-F719-4DC8-B91F-52574C07CD39}.AppStore|ARM.Build.0 = Release|Any CPU
		{9DD2AA2B-F719-4DC8-B91F-52574C07CD39}.AppStore|iPhone.ActiveCfg = Release|Any CPU
		{9DD2AA2B-F719-4DC8-B91F-52574C07CD39}.AppStore|iPhone.Build.0 = Release|Any CPU
		{9DD2AA2B-F719-4DC8-B91F-52574C07CD39}.AppStore|iPhoneSimulator.ActiveCfg = Release|Any CPU
		{9DD2AA2B-F719-4DC8-B91F-52574C07CD39}.AppStore|iPhoneSimulator.Build.0 = Release|Any CPU
		{9DD2AA2B-F719-4DC8-B91F-52574C07CD39}.AppStore|x64.ActiveCfg = Release|Any CPU
		{9DD2AA2B-F719-4DC8-B91F-52574C07CD39}.AppStore|x64.Build.0 = Release|Any CPU
		{9DD2AA2B-F719-4DC8-B91F-52574C07CD39}.AppStore|x86.ActiveCfg = Release|Any CPU
		{9DD2AA2B-F719-4DC8-B91F-52574C07CD39}.AppStore|x86.Build.0 = Release|Any CPU
		{9DD2AA2B-F719-4DC8-B91F-52574C07CD39}.Debug|Any CPU.ActiveCfg = Debug|Any CPU
		{9DD2AA2B-F719-4DC8-B91F-52574C07CD39}.Debug|Any CPU.Build.0 = Debug|Any CPU
		{9DD2AA2B-F719-4DC8-B91F-52574C07CD39}.Debug|ARM.ActiveCfg = Debug|Any CPU
		{9DD2AA2B-F719-4DC8-B91F-52574C07CD39}.Debug|ARM.Build.0 = Debug|Any CPU
		{9DD2AA2B-F719-4DC8-B91F-52574C07CD39}.Debug|iPhone.ActiveCfg = Debug|Any CPU
		{9DD2AA2B-F719-4DC8-B91F-52574C07CD39}.Debug|iPhone.Build.0 = Debug|Any CPU
		{9DD2AA2B-F719-4DC8-B91F-52574C07CD39}.Debug|iPhoneSimulator.ActiveCfg = Debug|Any CPU
		{9DD2AA2B-F719-4DC8-B91F-52574C07CD39}.Debug|iPhoneSimulator.Build.0 = Debug|Any CPU
		{9DD2AA2B-F719-4DC8-B91F-52574C07CD39}.Debug|x64.ActiveCfg = Debug|Any CPU
		{9DD2AA2B-F719-4DC8-B91F-52574C07CD39}.Debug|x64.Build.0 = Debug|Any CPU
		{9DD2AA2B-F719-4DC8-B91F-52574C07CD39}.Debug|x86.ActiveCfg = Debug|Any CPU
		{9DD2AA2B-F719-4DC8-B91F-52574C07CD39}.Debug|x86.Build.0 = Debug|Any CPU
		{9DD2AA2B-F719-4DC8-B91F-52574C07CD39}.Release|Any CPU.ActiveCfg = Release|Any CPU
		{9DD2AA2B-F719-4DC8-B91F-52574C07CD39}.Release|Any CPU.Build.0 = Release|Any CPU
		{9DD2AA2B-F719-4DC8-B91F-52574C07CD39}.Release|ARM.ActiveCfg = Release|Any CPU
		{9DD2AA2B-F719-4DC8-B91F-52574C07CD39}.Release|ARM.Build.0 = Release|Any CPU
		{9DD2AA2B-F719-4DC8-B91F-52574C07CD39}.Release|iPhone.ActiveCfg = Release|Any CPU
		{9DD2AA2B-F719-4DC8-B91F-52574C07CD39}.Release|iPhone.Build.0 = Release|Any CPU
		{9DD2AA2B-F719-4DC8-B91F-52574C07CD39}.Release|iPhoneSimulator.ActiveCfg = Release|Any CPU
		{9DD2AA2B-F719-4DC8-B91F-52574C07CD39}.Release|iPhoneSimulator.Build.0 = Release|Any CPU
		{9DD2AA2B-F719-4DC8-B91F-52574C07CD39}.Release|x64.ActiveCfg = Release|Any CPU
		{9DD2AA2B-F719-4DC8-B91F-52574C07CD39}.Release|x64.Build.0 = Release|Any CPU
		{9DD2AA2B-F719-4DC8-B91F-52574C07CD39}.Release|x86.ActiveCfg = Release|Any CPU
		{9DD2AA2B-F719-4DC8-B91F-52574C07CD39}.Release|x86.Build.0 = Release|Any CPU
		{9EA378B2-4C80-4B3F-9C21-90CB94042036}.Ad-Hoc|Any CPU.ActiveCfg = Release|Any CPU
		{9EA378B2-4C80-4B3F-9C21-90CB94042036}.Ad-Hoc|Any CPU.Build.0 = Release|Any CPU
		{9EA378B2-4C80-4B3F-9C21-90CB94042036}.Ad-Hoc|ARM.ActiveCfg = Release|Any CPU
		{9EA378B2-4C80-4B3F-9C21-90CB94042036}.Ad-Hoc|ARM.Build.0 = Release|Any CPU
		{9EA378B2-4C80-4B3F-9C21-90CB94042036}.Ad-Hoc|iPhone.ActiveCfg = Release|Any CPU
		{9EA378B2-4C80-4B3F-9C21-90CB94042036}.Ad-Hoc|iPhone.Build.0 = Release|Any CPU
		{9EA378B2-4C80-4B3F-9C21-90CB94042036}.Ad-Hoc|iPhoneSimulator.ActiveCfg = Release|Any CPU
		{9EA378B2-4C80-4B3F-9C21-90CB94042036}.Ad-Hoc|iPhoneSimulator.Build.0 = Release|Any CPU
		{9EA378B2-4C80-4B3F-9C21-90CB94042036}.Ad-Hoc|x64.ActiveCfg = Release|Any CPU
		{9EA378B2-4C80-4B3F-9C21-90CB94042036}.Ad-Hoc|x64.Build.0 = Release|Any CPU
		{9EA378B2-4C80-4B3F-9C21-90CB94042036}.Ad-Hoc|x86.ActiveCfg = Release|Any CPU
		{9EA378B2-4C80-4B3F-9C21-90CB94042036}.Ad-Hoc|x86.Build.0 = Release|Any CPU
		{9EA378B2-4C80-4B3F-9C21-90CB94042036}.AppStore|Any CPU.ActiveCfg = Release|Any CPU
		{9EA378B2-4C80-4B3F-9C21-90CB94042036}.AppStore|Any CPU.Build.0 = Release|Any CPU
		{9EA378B2-4C80-4B3F-9C21-90CB94042036}.AppStore|ARM.ActiveCfg = Release|Any CPU
		{9EA378B2-4C80-4B3F-9C21-90CB94042036}.AppStore|ARM.Build.0 = Release|Any CPU
		{9EA378B2-4C80-4B3F-9C21-90CB94042036}.AppStore|iPhone.ActiveCfg = Release|Any CPU
		{9EA378B2-4C80-4B3F-9C21-90CB94042036}.AppStore|iPhone.Build.0 = Release|Any CPU
		{9EA378B2-4C80-4B3F-9C21-90CB94042036}.AppStore|iPhoneSimulator.ActiveCfg = Release|Any CPU
		{9EA378B2-4C80-4B3F-9C21-90CB94042036}.AppStore|iPhoneSimulator.Build.0 = Release|Any CPU
		{9EA378B2-4C80-4B3F-9C21-90CB94042036}.AppStore|x64.ActiveCfg = Release|Any CPU
		{9EA378B2-4C80-4B3F-9C21-90CB94042036}.AppStore|x64.Build.0 = Release|Any CPU
		{9EA378B2-4C80-4B3F-9C21-90CB94042036}.AppStore|x86.ActiveCfg = Release|Any CPU
		{9EA378B2-4C80-4B3F-9C21-90CB94042036}.AppStore|x86.Build.0 = Release|Any CPU
		{9EA378B2-4C80-4B3F-9C21-90CB94042036}.Debug|Any CPU.ActiveCfg = Debug|Any CPU
		{9EA378B2-4C80-4B3F-9C21-90CB94042036}.Debug|Any CPU.Build.0 = Debug|Any CPU
		{9EA378B2-4C80-4B3F-9C21-90CB94042036}.Debug|ARM.ActiveCfg = Debug|Any CPU
		{9EA378B2-4C80-4B3F-9C21-90CB94042036}.Debug|ARM.Build.0 = Debug|Any CPU
		{9EA378B2-4C80-4B3F-9C21-90CB94042036}.Debug|iPhone.ActiveCfg = Debug|Any CPU
		{9EA378B2-4C80-4B3F-9C21-90CB94042036}.Debug|iPhone.Build.0 = Debug|Any CPU
		{9EA378B2-4C80-4B3F-9C21-90CB94042036}.Debug|iPhoneSimulator.ActiveCfg = Debug|Any CPU
		{9EA378B2-4C80-4B3F-9C21-90CB94042036}.Debug|iPhoneSimulator.Build.0 = Debug|Any CPU
		{9EA378B2-4C80-4B3F-9C21-90CB94042036}.Debug|x64.ActiveCfg = Debug|Any CPU
		{9EA378B2-4C80-4B3F-9C21-90CB94042036}.Debug|x64.Build.0 = Debug|Any CPU
		{9EA378B2-4C80-4B3F-9C21-90CB94042036}.Debug|x86.ActiveCfg = Debug|Any CPU
		{9EA378B2-4C80-4B3F-9C21-90CB94042036}.Debug|x86.Build.0 = Debug|Any CPU
		{9EA378B2-4C80-4B3F-9C21-90CB94042036}.Release|Any CPU.ActiveCfg = Release|Any CPU
		{9EA378B2-4C80-4B3F-9C21-90CB94042036}.Release|Any CPU.Build.0 = Release|Any CPU
		{9EA378B2-4C80-4B3F-9C21-90CB94042036}.Release|ARM.ActiveCfg = Release|Any CPU
		{9EA378B2-4C80-4B3F-9C21-90CB94042036}.Release|ARM.Build.0 = Release|Any CPU
		{9EA378B2-4C80-4B3F-9C21-90CB94042036}.Release|iPhone.ActiveCfg = Release|Any CPU
		{9EA378B2-4C80-4B3F-9C21-90CB94042036}.Release|iPhone.Build.0 = Release|Any CPU
		{9EA378B2-4C80-4B3F-9C21-90CB94042036}.Release|iPhoneSimulator.ActiveCfg = Release|Any CPU
		{9EA378B2-4C80-4B3F-9C21-90CB94042036}.Release|iPhoneSimulator.Build.0 = Release|Any CPU
		{9EA378B2-4C80-4B3F-9C21-90CB94042036}.Release|x64.ActiveCfg = Release|Any CPU
		{9EA378B2-4C80-4B3F-9C21-90CB94042036}.Release|x64.Build.0 = Release|Any CPU
		{9EA378B2-4C80-4B3F-9C21-90CB94042036}.Release|x86.ActiveCfg = Release|Any CPU
		{9EA378B2-4C80-4B3F-9C21-90CB94042036}.Release|x86.Build.0 = Release|Any CPU
		{7F46246E-1FA4-4CB1-A26A-DD9544C2B962}.Ad-Hoc|Any CPU.ActiveCfg = Release|Any CPU
		{7F46246E-1FA4-4CB1-A26A-DD9544C2B962}.Ad-Hoc|Any CPU.Build.0 = Release|Any CPU
		{7F46246E-1FA4-4CB1-A26A-DD9544C2B962}.Ad-Hoc|ARM.ActiveCfg = Release|Any CPU
		{7F46246E-1FA4-4CB1-A26A-DD9544C2B962}.Ad-Hoc|ARM.Build.0 = Release|Any CPU
		{7F46246E-1FA4-4CB1-A26A-DD9544C2B962}.Ad-Hoc|iPhone.ActiveCfg = Release|Any CPU
		{7F46246E-1FA4-4CB1-A26A-DD9544C2B962}.Ad-Hoc|iPhone.Build.0 = Release|Any CPU
		{7F46246E-1FA4-4CB1-A26A-DD9544C2B962}.Ad-Hoc|iPhoneSimulator.ActiveCfg = Release|Any CPU
		{7F46246E-1FA4-4CB1-A26A-DD9544C2B962}.Ad-Hoc|iPhoneSimulator.Build.0 = Release|Any CPU
		{7F46246E-1FA4-4CB1-A26A-DD9544C2B962}.Ad-Hoc|x64.ActiveCfg = Release|Any CPU
		{7F46246E-1FA4-4CB1-A26A-DD9544C2B962}.Ad-Hoc|x64.Build.0 = Release|Any CPU
		{7F46246E-1FA4-4CB1-A26A-DD9544C2B962}.Ad-Hoc|x86.ActiveCfg = Release|Any CPU
		{7F46246E-1FA4-4CB1-A26A-DD9544C2B962}.Ad-Hoc|x86.Build.0 = Release|Any CPU
		{7F46246E-1FA4-4CB1-A26A-DD9544C2B962}.AppStore|Any CPU.ActiveCfg = Release|Any CPU
		{7F46246E-1FA4-4CB1-A26A-DD9544C2B962}.AppStore|Any CPU.Build.0 = Release|Any CPU
		{7F46246E-1FA4-4CB1-A26A-DD9544C2B962}.AppStore|ARM.ActiveCfg = Release|Any CPU
		{7F46246E-1FA4-4CB1-A26A-DD9544C2B962}.AppStore|ARM.Build.0 = Release|Any CPU
		{7F46246E-1FA4-4CB1-A26A-DD9544C2B962}.AppStore|iPhone.ActiveCfg = Release|Any CPU
		{7F46246E-1FA4-4CB1-A26A-DD9544C2B962}.AppStore|iPhone.Build.0 = Release|Any CPU
		{7F46246E-1FA4-4CB1-A26A-DD9544C2B962}.AppStore|iPhoneSimulator.ActiveCfg = Release|Any CPU
		{7F46246E-1FA4-4CB1-A26A-DD9544C2B962}.AppStore|iPhoneSimulator.Build.0 = Release|Any CPU
		{7F46246E-1FA4-4CB1-A26A-DD9544C2B962}.AppStore|x64.ActiveCfg = Release|Any CPU
		{7F46246E-1FA4-4CB1-A26A-DD9544C2B962}.AppStore|x64.Build.0 = Release|Any CPU
		{7F46246E-1FA4-4CB1-A26A-DD9544C2B962}.AppStore|x86.ActiveCfg = Release|Any CPU
		{7F46246E-1FA4-4CB1-A26A-DD9544C2B962}.AppStore|x86.Build.0 = Release|Any CPU
		{7F46246E-1FA4-4CB1-A26A-DD9544C2B962}.Debug|Any CPU.ActiveCfg = Debug|Any CPU
		{7F46246E-1FA4-4CB1-A26A-DD9544C2B962}.Debug|Any CPU.Build.0 = Debug|Any CPU
		{7F46246E-1FA4-4CB1-A26A-DD9544C2B962}.Debug|ARM.ActiveCfg = Debug|Any CPU
		{7F46246E-1FA4-4CB1-A26A-DD9544C2B962}.Debug|ARM.Build.0 = Debug|Any CPU
		{7F46246E-1FA4-4CB1-A26A-DD9544C2B962}.Debug|iPhone.ActiveCfg = Debug|Any CPU
		{7F46246E-1FA4-4CB1-A26A-DD9544C2B962}.Debug|iPhone.Build.0 = Debug|Any CPU
		{7F46246E-1FA4-4CB1-A26A-DD9544C2B962}.Debug|iPhoneSimulator.ActiveCfg = Debug|Any CPU
		{7F46246E-1FA4-4CB1-A26A-DD9544C2B962}.Debug|iPhoneSimulator.Build.0 = Debug|Any CPU
		{7F46246E-1FA4-4CB1-A26A-DD9544C2B962}.Debug|x64.ActiveCfg = Debug|Any CPU
		{7F46246E-1FA4-4CB1-A26A-DD9544C2B962}.Debug|x64.Build.0 = Debug|Any CPU
		{7F46246E-1FA4-4CB1-A26A-DD9544C2B962}.Debug|x86.ActiveCfg = Debug|Any CPU
		{7F46246E-1FA4-4CB1-A26A-DD9544C2B962}.Debug|x86.Build.0 = Debug|Any CPU
		{7F46246E-1FA4-4CB1-A26A-DD9544C2B962}.Release|Any CPU.ActiveCfg = Release|Any CPU
		{7F46246E-1FA4-4CB1-A26A-DD9544C2B962}.Release|Any CPU.Build.0 = Release|Any CPU
		{7F46246E-1FA4-4CB1-A26A-DD9544C2B962}.Release|ARM.ActiveCfg = Release|Any CPU
		{7F46246E-1FA4-4CB1-A26A-DD9544C2B962}.Release|ARM.Build.0 = Release|Any CPU
		{7F46246E-1FA4-4CB1-A26A-DD9544C2B962}.Release|iPhone.ActiveCfg = Release|Any CPU
		{7F46246E-1FA4-4CB1-A26A-DD9544C2B962}.Release|iPhone.Build.0 = Release|Any CPU
		{7F46246E-1FA4-4CB1-A26A-DD9544C2B962}.Release|iPhoneSimulator.ActiveCfg = Release|Any CPU
		{7F46246E-1FA4-4CB1-A26A-DD9544C2B962}.Release|iPhoneSimulator.Build.0 = Release|Any CPU
		{7F46246E-1FA4-4CB1-A26A-DD9544C2B962}.Release|x64.ActiveCfg = Release|Any CPU
		{7F46246E-1FA4-4CB1-A26A-DD9544C2B962}.Release|x64.Build.0 = Release|Any CPU
		{7F46246E-1FA4-4CB1-A26A-DD9544C2B962}.Release|x86.ActiveCfg = Release|Any CPU
		{7F46246E-1FA4-4CB1-A26A-DD9544C2B962}.Release|x86.Build.0 = Release|Any CPU
		{1FFBB97E-EDC6-415A-A8E2-F55EC7FED0F1}.Ad-Hoc|Any CPU.ActiveCfg = Release|Any CPU
		{1FFBB97E-EDC6-415A-A8E2-F55EC7FED0F1}.Ad-Hoc|Any CPU.Build.0 = Release|Any CPU
		{1FFBB97E-EDC6-415A-A8E2-F55EC7FED0F1}.Ad-Hoc|ARM.ActiveCfg = Release|Any CPU
		{1FFBB97E-EDC6-415A-A8E2-F55EC7FED0F1}.Ad-Hoc|ARM.Build.0 = Release|Any CPU
		{1FFBB97E-EDC6-415A-A8E2-F55EC7FED0F1}.Ad-Hoc|iPhone.ActiveCfg = Release|Any CPU
		{1FFBB97E-EDC6-415A-A8E2-F55EC7FED0F1}.Ad-Hoc|iPhone.Build.0 = Release|Any CPU
		{1FFBB97E-EDC6-415A-A8E2-F55EC7FED0F1}.Ad-Hoc|iPhoneSimulator.ActiveCfg = Release|Any CPU
		{1FFBB97E-EDC6-415A-A8E2-F55EC7FED0F1}.Ad-Hoc|iPhoneSimulator.Build.0 = Release|Any CPU
		{1FFBB97E-EDC6-415A-A8E2-F55EC7FED0F1}.Ad-Hoc|x64.ActiveCfg = Release|Any CPU
		{1FFBB97E-EDC6-415A-A8E2-F55EC7FED0F1}.Ad-Hoc|x64.Build.0 = Release|Any CPU
		{1FFBB97E-EDC6-415A-A8E2-F55EC7FED0F1}.Ad-Hoc|x86.ActiveCfg = Release|Any CPU
		{1FFBB97E-EDC6-415A-A8E2-F55EC7FED0F1}.Ad-Hoc|x86.Build.0 = Release|Any CPU
		{1FFBB97E-EDC6-415A-A8E2-F55EC7FED0F1}.AppStore|Any CPU.ActiveCfg = Release|Any CPU
		{1FFBB97E-EDC6-415A-A8E2-F55EC7FED0F1}.AppStore|Any CPU.Build.0 = Release|Any CPU
		{1FFBB97E-EDC6-415A-A8E2-F55EC7FED0F1}.AppStore|ARM.ActiveCfg = Release|Any CPU
		{1FFBB97E-EDC6-415A-A8E2-F55EC7FED0F1}.AppStore|ARM.Build.0 = Release|Any CPU
		{1FFBB97E-EDC6-415A-A8E2-F55EC7FED0F1}.AppStore|iPhone.ActiveCfg = Release|Any CPU
		{1FFBB97E-EDC6-415A-A8E2-F55EC7FED0F1}.AppStore|iPhone.Build.0 = Release|Any CPU
		{1FFBB97E-EDC6-415A-A8E2-F55EC7FED0F1}.AppStore|iPhoneSimulator.ActiveCfg = Release|Any CPU
		{1FFBB97E-EDC6-415A-A8E2-F55EC7FED0F1}.AppStore|iPhoneSimulator.Build.0 = Release|Any CPU
		{1FFBB97E-EDC6-415A-A8E2-F55EC7FED0F1}.AppStore|x64.ActiveCfg = Release|Any CPU
		{1FFBB97E-EDC6-415A-A8E2-F55EC7FED0F1}.AppStore|x64.Build.0 = Release|Any CPU
		{1FFBB97E-EDC6-415A-A8E2-F55EC7FED0F1}.AppStore|x86.ActiveCfg = Release|Any CPU
		{1FFBB97E-EDC6-415A-A8E2-F55EC7FED0F1}.AppStore|x86.Build.0 = Release|Any CPU
		{1FFBB97E-EDC6-415A-A8E2-F55EC7FED0F1}.Debug|Any CPU.ActiveCfg = Debug|Any CPU
		{1FFBB97E-EDC6-415A-A8E2-F55EC7FED0F1}.Debug|Any CPU.Build.0 = Debug|Any CPU
		{1FFBB97E-EDC6-415A-A8E2-F55EC7FED0F1}.Debug|ARM.ActiveCfg = Debug|Any CPU
		{1FFBB97E-EDC6-415A-A8E2-F55EC7FED0F1}.Debug|ARM.Build.0 = Debug|Any CPU
		{1FFBB97E-EDC6-415A-A8E2-F55EC7FED0F1}.Debug|iPhone.ActiveCfg = Debug|Any CPU
		{1FFBB97E-EDC6-415A-A8E2-F55EC7FED0F1}.Debug|iPhone.Build.0 = Debug|Any CPU
		{1FFBB97E-EDC6-415A-A8E2-F55EC7FED0F1}.Debug|iPhoneSimulator.ActiveCfg = Debug|Any CPU
		{1FFBB97E-EDC6-415A-A8E2-F55EC7FED0F1}.Debug|iPhoneSimulator.Build.0 = Debug|Any CPU
		{1FFBB97E-EDC6-415A-A8E2-F55EC7FED0F1}.Debug|x64.ActiveCfg = Debug|Any CPU
		{1FFBB97E-EDC6-415A-A8E2-F55EC7FED0F1}.Debug|x64.Build.0 = Debug|Any CPU
		{1FFBB97E-EDC6-415A-A8E2-F55EC7FED0F1}.Debug|x86.ActiveCfg = Debug|Any CPU
		{1FFBB97E-EDC6-415A-A8E2-F55EC7FED0F1}.Debug|x86.Build.0 = Debug|Any CPU
		{1FFBB97E-EDC6-415A-A8E2-F55EC7FED0F1}.Release|Any CPU.ActiveCfg = Release|Any CPU
		{1FFBB97E-EDC6-415A-A8E2-F55EC7FED0F1}.Release|Any CPU.Build.0 = Release|Any CPU
		{1FFBB97E-EDC6-415A-A8E2-F55EC7FED0F1}.Release|ARM.ActiveCfg = Release|Any CPU
		{1FFBB97E-EDC6-415A-A8E2-F55EC7FED0F1}.Release|ARM.Build.0 = Release|Any CPU
		{1FFBB97E-EDC6-415A-A8E2-F55EC7FED0F1}.Release|iPhone.ActiveCfg = Release|Any CPU
		{1FFBB97E-EDC6-415A-A8E2-F55EC7FED0F1}.Release|iPhone.Build.0 = Release|Any CPU
		{1FFBB97E-EDC6-415A-A8E2-F55EC7FED0F1}.Release|iPhoneSimulator.ActiveCfg = Release|Any CPU
		{1FFBB97E-EDC6-415A-A8E2-F55EC7FED0F1}.Release|iPhoneSimulator.Build.0 = Release|Any CPU
		{1FFBB97E-EDC6-415A-A8E2-F55EC7FED0F1}.Release|x64.ActiveCfg = Release|Any CPU
		{1FFBB97E-EDC6-415A-A8E2-F55EC7FED0F1}.Release|x64.Build.0 = Release|Any CPU
		{1FFBB97E-EDC6-415A-A8E2-F55EC7FED0F1}.Release|x86.ActiveCfg = Release|Any CPU
		{1FFBB97E-EDC6-415A-A8E2-F55EC7FED0F1}.Release|x86.Build.0 = Release|Any CPU
	EndGlobalSection
	GlobalSection(SolutionProperties) = preSolution
		HideSolutionNode = FALSE
	EndGlobalSection
EndGlobal
